// !$*UTF8*$!
{
	archiveVersion = 1;
	classes = {
	};
	objectVersion = 46;
	objects = {

/* Begin PBXBuildFile section */
		1801A3FC1C392DE60068E1FC /* SubscriptionStore.swift in Sources */ = {isa = PBXBuildFile; fileRef = 1801A3FB1C392DE60068E1FC /* SubscriptionStore.swift */; };
		1801A3FE1C39317C0068E1FC /* SubscribeDelegate.swift in Sources */ = {isa = PBXBuildFile; fileRef = 1801A3FD1C39317C0068E1FC /* SubscribeDelegate.swift */; };
		180603641C01FCBE00AC1841 /* SwiftyJSON.swift in Sources */ = {isa = PBXBuildFile; fileRef = 180603631C01FCBE00AC1841 /* SwiftyJSON.swift */; };
		1806037C1C02165000AC1841 /* LocationSearchResponder.swift in Sources */ = {isa = PBXBuildFile; fileRef = 1806037B1C02165000AC1841 /* LocationSearchResponder.swift */; };
		1818B2671C404FE0004E3CA3 /* NotificationCenter.framework in Frameworks */ = {isa = PBXBuildFile; fileRef = 188B80441C175D9600E7D90C /* NotificationCenter.framework */; };
		1818B26A1C404FE0004E3CA3 /* TodayViewController.swift in Sources */ = {isa = PBXBuildFile; fileRef = 1818B2691C404FE0004E3CA3 /* TodayViewController.swift */; };
		1818B26D1C404FE0004E3CA3 /* MainInterface.storyboard in Resources */ = {isa = PBXBuildFile; fileRef = 1818B26B1C404FE0004E3CA3 /* MainInterface.storyboard */; };
		1818B2711C404FE0004E3CA3 /* Today.appex in Embed App Extensions */ = {isa = PBXBuildFile; fileRef = 1818B2661C404FE0004E3CA3 /* Today.appex */; settings = {ATTRIBUTES = (RemoveHeadersOnCopy, ); }; };
		1818B2781C405D5B004E3CA3 /* ResStockholmApiKit.framework in Frameworks */ = {isa = PBXBuildFile; fileRef = 18A9E8471C18993B008F97C8 /* ResStockholmApiKit.framework */; };
		181BD4161C047AA900651D0F /* RoutineTripHeader.swift in Sources */ = {isa = PBXBuildFile; fileRef = 181BD4151C047AA900651D0F /* RoutineTripHeader.swift */; };
		181CFD051C396FDE004637F9 /* ReceiptManager.swift in Sources */ = {isa = PBXBuildFile; fileRef = 181CFD041C396FDE004637F9 /* ReceiptManager.swift */; };
		18232CA41C01D46A006334D1 /* EditRoutineTripVC.swift in Sources */ = {isa = PBXBuildFile; fileRef = 18232CA31C01D46A006334D1 /* EditRoutineTripVC.swift */; };
		18232CA61C01DB81006334D1 /* StyleButton.swift in Sources */ = {isa = PBXBuildFile; fileRef = 18232CA51C01DB81006334D1 /* StyleButton.swift */; };
		18232CAC1C01EC2F006334D1 /* SearchLocationVC.swift in Sources */ = {isa = PBXBuildFile; fileRef = 18232CAB1C01EC2F006334D1 /* SearchLocationVC.swift */; };
		18232CAE1C01F1CA006334D1 /* ManageRoutineTripCell.swift in Sources */ = {isa = PBXBuildFile; fileRef = 18232CAD1C01F1CA006334D1 /* ManageRoutineTripCell.swift */; };
		18353DE01C1F70590011CDEA /* AdvancedCriterionsHelper.swift in Sources */ = {isa = PBXBuildFile; fileRef = 18353DDF1C1F70590011CDEA /* AdvancedCriterionsHelper.swift */; };
		183D6EB21C19DBF000EB7537 /* TrafficSituationService.swift in Sources */ = {isa = PBXBuildFile; fileRef = 183D6EB11C19DBF000EB7537 /* TrafficSituationService.swift */; };
		183D6EB41C19DC2700EB7537 /* SLTrafficSituationServiceApi.swift in Sources */ = {isa = PBXBuildFile; fileRef = 183D6EB31C19DC2700EB7537 /* SLTrafficSituationServiceApi.swift */; };
		183D6EB61C19DEF400EB7537 /* SituationGroup.swift in Sources */ = {isa = PBXBuildFile; fileRef = 183D6EB51C19DEF400EB7537 /* SituationGroup.swift */; };
		183D6EB81C19DF0800EB7537 /* Situation.swift in Sources */ = {isa = PBXBuildFile; fileRef = 183D6EB71C19DF0800EB7537 /* Situation.swift */; };
		183D6EBB1C1A2F2900EB7537 /* TrafficSituationVC.swift in Sources */ = {isa = PBXBuildFile; fileRef = 183D6EBA1C1A2F2900EB7537 /* TrafficSituationVC.swift */; };
		183D6EBD1C1A352100EB7537 /* SituationHeader.swift in Sources */ = {isa = PBXBuildFile; fileRef = 183D6EBC1C1A352100EB7537 /* SituationHeader.swift */; };
		183D6EBF1C1A354F00EB7537 /* SituationRow.swift in Sources */ = {isa = PBXBuildFile; fileRef = 183D6EBE1C1A354F00EB7537 /* SituationRow.swift */; };
		185073751C09CE84005D0D7E /* TripIcons.swift in Sources */ = {isa = PBXBuildFile; fileRef = 185073741C09CE84005D0D7E /* TripIcons.swift */; };
		1851F2D71C35F56C0013CD6A /* SubscriptionCell.swift in Sources */ = {isa = PBXBuildFile; fileRef = 1851F2D61C35F56C0013CD6A /* SubscriptionCell.swift */; };
		1851F2DD1C36D71B0013CD6A /* SubscriptionManager.swift in Sources */ = {isa = PBXBuildFile; fileRef = 1851F2DC1C36D71B0013CD6A /* SubscriptionManager.swift */; };
		1854E1991C065EB70070C545 /* StandardGradient.swift in Sources */ = {isa = PBXBuildFile; fileRef = 1854E1981C065EB70070C545 /* StandardGradient.swift */; };
		185BCC921C09389E00A2C6DB /* TripHeader.swift in Sources */ = {isa = PBXBuildFile; fileRef = 185BCC911C09389E00A2C6DB /* TripHeader.swift */; };
		185D8DBE1C189D0200300890 /* WatchService.swift in Sources */ = {isa = PBXBuildFile; fileRef = 188367611C16264200A8BE16 /* WatchService.swift */; };
		186235FD1C411C2B0056338E /* TripIcons.swift in Sources */ = {isa = PBXBuildFile; fileRef = 186235FC1C411C2B0056338E /* TripIcons.swift */; };
		186236011C411CE40056338E /* Assets.xcassets in Resources */ = {isa = PBXBuildFile; fileRef = 186236001C411CE40056338E /* Assets.xcassets */; };
		1869E2991C1E0E36001FE4B2 /* PickLocationResponder.swift in Sources */ = {isa = PBXBuildFile; fileRef = 1869E2981C1E0E36001FE4B2 /* PickLocationResponder.swift */; };
		188367691C16EEA000A8BE16 /* TripDetailsVC.swift in Sources */ = {isa = PBXBuildFile; fileRef = 188367681C16EEA000A8BE16 /* TripDetailsVC.swift */; };
		1883676B1C170CC100A8BE16 /* TripCellProtocol.swift in Sources */ = {isa = PBXBuildFile; fileRef = 1883676A1C170CC100A8BE16 /* TripCellProtocol.swift */; };
		1883676D1C170D5A00A8BE16 /* TripDetailsHeaderCell.swift in Sources */ = {isa = PBXBuildFile; fileRef = 1883676C1C170D5A00A8BE16 /* TripDetailsHeaderCell.swift */; };
		1883676F1C170DE500A8BE16 /* TripDetailsOriginCell.swift in Sources */ = {isa = PBXBuildFile; fileRef = 1883676E1C170DE500A8BE16 /* TripDetailsOriginCell.swift */; };
		188367711C170E1800A8BE16 /* TripDetailsChangeCell.swift in Sources */ = {isa = PBXBuildFile; fileRef = 188367701C170E1800A8BE16 /* TripDetailsChangeCell.swift */; };
		188367731C170E3B00A8BE16 /* TripDetailsSegmentCell.swift in Sources */ = {isa = PBXBuildFile; fileRef = 188367721C170E3B00A8BE16 /* TripDetailsSegmentCell.swift */; };
		188367751C170E5500A8BE16 /* TripDetailsDestinationCell.swift in Sources */ = {isa = PBXBuildFile; fileRef = 188367741C170E5500A8BE16 /* TripDetailsDestinationCell.swift */; };
		1885ED001C20BD7A000E803D /* UILabelExtention.swift in Sources */ = {isa = PBXBuildFile; fileRef = 1885ECFF1C20BD7A000E803D /* UILabelExtention.swift */; };
		188B80AE1C178DD900E7D90C /* TripSearchVC.swift in Sources */ = {isa = PBXBuildFile; fileRef = 188B80AD1C178DD900E7D90C /* TripSearchVC.swift */; };
		188B856A1C15B03400098B00 /* DateUtils.swift in Sources */ = {isa = PBXBuildFile; fileRef = 188B85691C15B03400098B00 /* DateUtils.swift */; };
		188B856E1C15BFA000098B00 /* OtherRoutinesRow.swift in Sources */ = {isa = PBXBuildFile; fileRef = 188B856D1C15BFA000098B00 /* OtherRoutinesRow.swift */; };
		188B85711C15D44200098B00 /* TripsIC.swift in Sources */ = {isa = PBXBuildFile; fileRef = 188B85701C15D44200098B00 /* TripsIC.swift */; };
		188B85731C15E30B00098B00 /* TripRow.swift in Sources */ = {isa = PBXBuildFile; fileRef = 188B85721C15E30B00098B00 /* TripRow.swift */; };
		1892BA3A1C1F188700BC191A /* TravelTypesVC.swift in Sources */ = {isa = PBXBuildFile; fileRef = 1892BA391C1F188700BC191A /* TravelTypesVC.swift */; };
		1892BA3C1C1F244400BC191A /* TravelTypesResponder.swift in Sources */ = {isa = PBXBuildFile; fileRef = 1892BA3B1C1F244400BC191A /* TravelTypesResponder.swift */; };
		1892BA3E1C1F26E100BC191A /* TravelTypesPickerRow.swift in Sources */ = {isa = PBXBuildFile; fileRef = 1892BA3D1C1F26E100BC191A /* TravelTypesPickerRow.swift */; };
		18937E351BFF33FA00C523C9 /* AppDelegate.swift in Sources */ = {isa = PBXBuildFile; fileRef = 18937E341BFF33FA00C523C9 /* AppDelegate.swift */; };
		18937E3A1BFF33FA00C523C9 /* Main.storyboard in Resources */ = {isa = PBXBuildFile; fileRef = 18937E381BFF33FA00C523C9 /* Main.storyboard */; };
		18937E3C1BFF33FA00C523C9 /* Assets.xcassets in Resources */ = {isa = PBXBuildFile; fileRef = 18937E3B1BFF33FA00C523C9 /* Assets.xcassets */; };
		18937E3F1BFF33FA00C523C9 /* LaunchScreen.storyboard in Resources */ = {isa = PBXBuildFile; fileRef = 18937E3D1BFF33FA00C523C9 /* LaunchScreen.storyboard */; };
		18937E441BFF33FB00C523C9 /* Res Smart.app in Embed Watch Content */ = {isa = PBXBuildFile; fileRef = 18937E431BFF33FB00C523C9 /* Res Smart.app */; };
		18937E4A1BFF33FB00C523C9 /* Interface.storyboard in Resources */ = {isa = PBXBuildFile; fileRef = 18937E481BFF33FB00C523C9 /* Interface.storyboard */; };
		18937E4C1BFF33FB00C523C9 /* Assets.xcassets in Resources */ = {isa = PBXBuildFile; fileRef = 18937E4B1BFF33FB00C523C9 /* Assets.xcassets */; };
		18937E531BFF33FB00C523C9 /* Res Smart.appex in Embed App Extensions */ = {isa = PBXBuildFile; fileRef = 18937E521BFF33FB00C523C9 /* Res Smart.appex */; settings = {ATTRIBUTES = (RemoveHeadersOnCopy, ); }; };
		18937E641BFF33FB00C523C9 /* Assets.xcassets in Resources */ = {isa = PBXBuildFile; fileRef = 18937E631BFF33FB00C523C9 /* Assets.xcassets */; };
		18937E771BFF5D6B00C523C9 /* RoutineTripsVC.swift in Sources */ = {isa = PBXBuildFile; fileRef = 18937E761BFF5D6B00C523C9 /* RoutineTripsVC.swift */; };
		18937E7E1BFF6AB700C523C9 /* RoutineTripCell.swift in Sources */ = {isa = PBXBuildFile; fileRef = 18937E7D1BFF6AB700C523C9 /* RoutineTripCell.swift */; };
		18937E831BFFB56A00C523C9 /* ManageRoutineTripsVC.swift in Sources */ = {isa = PBXBuildFile; fileRef = 18937E821BFFB56A00C523C9 /* ManageRoutineTripsVC.swift */; };
		18946B171C18431500A5829D /* DateTimePickerVC.swift in Sources */ = {isa = PBXBuildFile; fileRef = 18946B161C18431500A5829D /* DateTimePickerVC.swift */; };
		18946B1D1C1844E700A5829D /* DateTimePickResponder.swift in Sources */ = {isa = PBXBuildFile; fileRef = 18946B1C1C1844E700A5829D /* DateTimePickResponder.swift */; };
		1894A6FE1C354ABD00CDF905 /* SubscribeVC.swift in Sources */ = {isa = PBXBuildFile; fileRef = 1894A6FD1C354ABD00CDF905 /* SubscribeVC.swift */; };
		18A824741C0EE866006190C4 /* SmartTripIC.swift in Sources */ = {isa = PBXBuildFile; fileRef = 18937E591BFF33FB00C523C9 /* SmartTripIC.swift */; };
		18A824751C0EE866006190C4 /* ExtensionDelegate.swift in Sources */ = {isa = PBXBuildFile; fileRef = 18937E5B1BFF33FB00C523C9 /* ExtensionDelegate.swift */; };
		18A824771C0EE866006190C4 /* GlanceController.swift in Sources */ = {isa = PBXBuildFile; fileRef = 18937E5F1BFF33FB00C523C9 /* GlanceController.swift */; };
		18A824781C0EE866006190C4 /* ComplicationController.swift in Sources */ = {isa = PBXBuildFile; fileRef = 18937E611BFF33FB00C523C9 /* ComplicationController.swift */; };
		18A9E84A1C18993B008F97C8 /* ResStockholmApiKit.h in Headers */ = {isa = PBXBuildFile; fileRef = 18A9E8491C18993B008F97C8 /* ResStockholmApiKit.h */; settings = {ATTRIBUTES = (Public, ); }; };
		18A9E84E1C18993B008F97C8 /* ResStockholmApiKit.framework in Frameworks */ = {isa = PBXBuildFile; fileRef = 18A9E8471C18993B008F97C8 /* ResStockholmApiKit.framework */; };
		18A9E84F1C18993B008F97C8 /* ResStockholmApiKit.framework in Copy Frameworks */ = {isa = PBXBuildFile; fileRef = 18A9E8471C18993B008F97C8 /* ResStockholmApiKit.framework */; settings = {ATTRIBUTES = (CodeSignOnCopy, RemoveHeadersOnCopy, ); }; };
		18A9E85E1C189998008F97C8 /* RoutineService.swift in Sources */ = {isa = PBXBuildFile; fileRef = 181B9AF91C03D64000B9145A /* RoutineService.swift */; };
		18A9E85F1C189998008F97C8 /* LocationSearchService.swift in Sources */ = {isa = PBXBuildFile; fileRef = 18232CA91C01EA15006334D1 /* LocationSearchService.swift */; };
		18A9E8601C189998008F97C8 /* SearchTripService.swift in Sources */ = {isa = PBXBuildFile; fileRef = 181B9AF21C0380FD00B9145A /* SearchTripService.swift */; };
		18A9E8611C189998008F97C8 /* MyLocationHelper.swift in Sources */ = {isa = PBXBuildFile; fileRef = 18AC9CFD1C0866C7007ECFA2 /* MyLocationHelper.swift */; };
		18A9E8621C189998008F97C8 /* ScorePostHelper.swift in Sources */ = {isa = PBXBuildFile; fileRef = 180FD8BA1C0B150E0095C790 /* ScorePostHelper.swift */; };
		18A9E8651C1899E7008F97C8 /* SLSearchLocationApi.swift in Sources */ = {isa = PBXBuildFile; fileRef = 18232CAF1C01FA78006334D1 /* SLSearchLocationApi.swift */; };
		18A9E8661C1899E7008F97C8 /* SLTravelPlannerV2Api.swift in Sources */ = {isa = PBXBuildFile; fileRef = 181B9AEE1C0370EF00B9145A /* SLTravelPlannerV2Api.swift */; };
		18A9E8671C1899E7008F97C8 /* HttpRequestHelper.swift in Sources */ = {isa = PBXBuildFile; fileRef = 180603651C0201A100AC1841 /* HttpRequestHelper.swift */; };
		18A9E8681C1899E7008F97C8 /* SLSearchNearbyStationsApi.swift in Sources */ = {isa = PBXBuildFile; fileRef = 18AC9CFB1C08647A007ECFA2 /* SLSearchNearbyStationsApi.swift */; };
		18A9E8691C1899E7008F97C8 /* SLNetworkError.swift in Sources */ = {isa = PBXBuildFile; fileRef = 188B85651C14ADF100098B00 /* SLNetworkError.swift */; };
		18A9E86A1C1899ED008F97C8 /* Trip.swift in Sources */ = {isa = PBXBuildFile; fileRef = 18937E791BFF5F2F00C523C9 /* Trip.swift */; };
		18A9E86B1C1899ED008F97C8 /* Location.swift in Sources */ = {isa = PBXBuildFile; fileRef = 18937E7B1BFF5F8100C523C9 /* Location.swift */; };
		18A9E86C1C1899ED008F97C8 /* RoutineTrip.swift in Sources */ = {isa = PBXBuildFile; fileRef = 18937E861C00A17700C523C9 /* RoutineTrip.swift */; };
		18A9E86E1C1899ED008F97C8 /* TripSegment.swift in Sources */ = {isa = PBXBuildFile; fileRef = 181B9AF01C0375DC00B9145A /* TripSegment.swift */; };
		18A9E86F1C1899ED008F97C8 /* TripHelper.swift in Sources */ = {isa = PBXBuildFile; fileRef = 181B9AF71C03B3FB00B9145A /* TripHelper.swift */; };
		18A9E8701C1899ED008F97C8 /* TripSeachCriterion.swift in Sources */ = {isa = PBXBuildFile; fileRef = 18D1953E1C07964900FB1A93 /* TripSeachCriterion.swift */; };
		18A9E8711C1899ED008F97C8 /* ScorePost.swift in Sources */ = {isa = PBXBuildFile; fileRef = 180FD8B41C0B087E0095C790 /* ScorePost.swift */; };
		18A9E8721C1899F3008F97C8 /* DateUtils.swift in Sources */ = {isa = PBXBuildFile; fileRef = 181B9AF51C03A9E100B9145A /* DateUtils.swift */; };
		18A9E8731C189B97008F97C8 /* SwiftyJSON.swift in Sources */ = {isa = PBXBuildFile; fileRef = 180603631C01FCBE00AC1841 /* SwiftyJSON.swift */; };
		18A9E8741C189C1C008F97C8 /* SwiftHTTP.framework in Frameworks */ = {isa = PBXBuildFile; fileRef = 18EAF4E11C0F89990014701B /* SwiftHTTP.framework */; };
		18AAC92F1C2EE3DF00022C54 /* SearchCriterionStore.swift in Sources */ = {isa = PBXBuildFile; fileRef = 18AAC92D1C2EE3DF00022C54 /* SearchCriterionStore.swift */; };
		18AAC9301C2EE3DF00022C54 /* RoutineTripsStore.swift in Sources */ = {isa = PBXBuildFile; fileRef = 18AAC92E1C2EE3DF00022C54 /* RoutineTripsStore.swift */; };
		18AAC9321C2EE61000022C54 /* ScorePostStore.swift in Sources */ = {isa = PBXBuildFile; fileRef = 18AAC9311C2EE61000022C54 /* ScorePostStore.swift */; };
		18AAC9341C2EE7BC00022C54 /* LatestLocationsStore.swift in Sources */ = {isa = PBXBuildFile; fileRef = 18AAC9331C2EE7BC00022C54 /* LatestLocationsStore.swift */; };
		18AC9CF81C07AD4D007ECFA2 /* TripListVC.swift in Sources */ = {isa = PBXBuildFile; fileRef = 18AC9CF71C07AD4D007ECFA2 /* TripListVC.swift */; };
		18AC9CFA1C07AE63007ECFA2 /* TripCell.swift in Sources */ = {isa = PBXBuildFile; fileRef = 18AC9CF91C07AE63007ECFA2 /* TripCell.swift */; };
		18AC9D001C08B5B4007ECFA2 /* TripFooter.swift in Sources */ = {isa = PBXBuildFile; fileRef = 18AC9CFF1C08B5B4007ECFA2 /* TripFooter.swift */; };
		18B2902B1C46D8BC00DCE585 /* StringUtils.swift in Sources */ = {isa = PBXBuildFile; fileRef = 18B2902A1C46D8BC00DCE585 /* StringUtils.swift */; };
		18CB35B21C1E08BA0084CA27 /* LocationPickerRow.swift in Sources */ = {isa = PBXBuildFile; fileRef = 18CB35B11C1E08B90084CA27 /* LocationPickerRow.swift */; };
		18CE5CC91C03140A00E1F5A9 /* StyleHelper.swift in Sources */ = {isa = PBXBuildFile; fileRef = 18CE5CC81C03140A00E1F5A9 /* StyleHelper.swift */; };
		18CE5CCB1C031A0800E1F5A9 /* CustomTabVC.swift in Sources */ = {isa = PBXBuildFile; fileRef = 18CE5CCA1C031A0800E1F5A9 /* CustomTabVC.swift */; };
		18D6521E1C3D9C510067FC60 /* HereToThereCell.swift in Sources */ = {isa = PBXBuildFile; fileRef = 18D6521D1C3D9C510067FC60 /* HereToThereCell.swift */; };
		18EAF4E91C0F8A0F0014701B /* SwiftHTTP.framework in Copy Frameworks */ = {isa = PBXBuildFile; fileRef = 18EAF4E11C0F89990014701B /* SwiftHTTP.framework */; settings = {ATTRIBUTES = (CodeSignOnCopy, RemoveHeadersOnCopy, ); }; };
/* End PBXBuildFile section */

/* Begin PBXContainerItemProxy section */
		1818B26F1C404FE0004E3CA3 /* PBXContainerItemProxy */ = {
			isa = PBXContainerItemProxy;
			containerPortal = 18937E291BFF33FA00C523C9 /* Project object */;
			proxyType = 1;
			remoteGlobalIDString = 1818B2651C404FE0004E3CA3;
			remoteInfo = Today;
		};
		1818B2761C405D55004E3CA3 /* PBXContainerItemProxy */ = {
			isa = PBXContainerItemProxy;
			containerPortal = 18937E291BFF33FA00C523C9 /* Project object */;
			proxyType = 1;
			remoteGlobalIDString = 18A9E8461C18993B008F97C8;
			remoteInfo = ResStockholmApiKit;
		};
		18937E451BFF33FB00C523C9 /* PBXContainerItemProxy */ = {
			isa = PBXContainerItemProxy;
			containerPortal = 18937E291BFF33FA00C523C9 /* Project object */;
			proxyType = 1;
			remoteGlobalIDString = 18937E421BFF33FB00C523C9;
			remoteInfo = "Res i Sverige WatchKit App";
		};
		18937E541BFF33FB00C523C9 /* PBXContainerItemProxy */ = {
			isa = PBXContainerItemProxy;
			containerPortal = 18937E291BFF33FA00C523C9 /* Project object */;
			proxyType = 1;
			remoteGlobalIDString = 18937E511BFF33FB00C523C9;
			remoteInfo = "Res i Sverige WatchKit Extension";
		};
		18A9E84C1C18993B008F97C8 /* PBXContainerItemProxy */ = {
			isa = PBXContainerItemProxy;
			containerPortal = 18937E291BFF33FA00C523C9 /* Project object */;
			proxyType = 1;
			remoteGlobalIDString = 18A9E8461C18993B008F97C8;
			remoteInfo = ResStockholmApiKit;
		};
		18EAF4E01C0F89990014701B /* PBXContainerItemProxy */ = {
			isa = PBXContainerItemProxy;
			containerPortal = 180603671C0203B800AC1841 /* SwiftHTTP.xcodeproj */;
			proxyType = 2;
			remoteGlobalIDString = 6BFD901619C8D8B500DD99B6;
			remoteInfo = SwiftHTTP;
		};
		18EAF4E21C0F89990014701B /* PBXContainerItemProxy */ = {
			isa = PBXContainerItemProxy;
			containerPortal = 180603671C0203B800AC1841 /* SwiftHTTP.xcodeproj */;
			proxyType = 2;
			remoteGlobalIDString = 6BFD902119C8D8B500DD99B6;
			remoteInfo = SwiftHTTPTests;
		};
		18EAF4E41C0F89990014701B /* PBXContainerItemProxy */ = {
			isa = PBXContainerItemProxy;
			containerPortal = 180603671C0203B800AC1841 /* SwiftHTTP.xcodeproj */;
			proxyType = 2;
			remoteGlobalIDString = D958025919E6EEEB003C8218;
			remoteInfo = SwiftHTTPOSX;
		};
		18EAF4E61C0F89990014701B /* PBXContainerItemProxy */ = {
			isa = PBXContainerItemProxy;
			containerPortal = 180603671C0203B800AC1841 /* SwiftHTTP.xcodeproj */;
			proxyType = 2;
			remoteGlobalIDString = D958026319E6EEEB003C8218;
			remoteInfo = SwiftHTTPOSXTests;
		};
/* End PBXContainerItemProxy section */

/* Begin PBXCopyFilesBuildPhase section */
		180603771C02045C00AC1841 /* Copy Frameworks */ = {
			isa = PBXCopyFilesBuildPhase;
			buildActionMask = 2147483647;
			dstPath = "";
			dstSubfolderSpec = 10;
			files = (
				18A9E84F1C18993B008F97C8 /* ResStockholmApiKit.framework in Copy Frameworks */,
				18EAF4E91C0F8A0F0014701B /* SwiftHTTP.framework in Copy Frameworks */,
			);
			name = "Copy Frameworks";
			runOnlyForDeploymentPostprocessing = 0;
		};
		188B80571C175D9600E7D90C /* Embed App Extensions */ = {
			isa = PBXCopyFilesBuildPhase;
			buildActionMask = 2147483647;
			dstPath = "";
			dstSubfolderSpec = 13;
			files = (
				1818B2711C404FE0004E3CA3 /* Today.appex in Embed App Extensions */,
			);
			name = "Embed App Extensions";
			runOnlyForDeploymentPostprocessing = 0;
		};
		18937E6B1BFF33FB00C523C9 /* Embed App Extensions */ = {
			isa = PBXCopyFilesBuildPhase;
			buildActionMask = 2147483647;
			dstPath = "";
			dstSubfolderSpec = 13;
			files = (
				18937E531BFF33FB00C523C9 /* Res Smart.appex in Embed App Extensions */,
			);
			name = "Embed App Extensions";
			runOnlyForDeploymentPostprocessing = 0;
		};
		18937E6F1BFF33FB00C523C9 /* Embed Watch Content */ = {
			isa = PBXCopyFilesBuildPhase;
			buildActionMask = 2147483647;
			dstPath = "$(CONTENTS_FOLDER_PATH)/Watch";
			dstSubfolderSpec = 16;
			files = (
				18937E441BFF33FB00C523C9 /* Res Smart.app in Embed Watch Content */,
			);
			name = "Embed Watch Content";
			runOnlyForDeploymentPostprocessing = 0;
		};
/* End PBXCopyFilesBuildPhase section */

/* Begin PBXFileReference section */
		1801A3FB1C392DE60068E1FC /* SubscriptionStore.swift */ = {isa = PBXFileReference; fileEncoding = 4; lastKnownFileType = sourcecode.swift; path = SubscriptionStore.swift; sourceTree = "<group>"; };
		1801A3FD1C39317C0068E1FC /* SubscribeDelegate.swift */ = {isa = PBXFileReference; fileEncoding = 4; lastKnownFileType = sourcecode.swift; path = SubscribeDelegate.swift; sourceTree = "<group>"; };
		180603631C01FCBE00AC1841 /* SwiftyJSON.swift */ = {isa = PBXFileReference; fileEncoding = 4; lastKnownFileType = sourcecode.swift; path = SwiftyJSON.swift; sourceTree = "<group>"; };
		180603651C0201A100AC1841 /* HttpRequestHelper.swift */ = {isa = PBXFileReference; fileEncoding = 4; lastKnownFileType = sourcecode.swift; path = HttpRequestHelper.swift; sourceTree = "<group>"; };
		180603671C0203B800AC1841 /* SwiftHTTP.xcodeproj */ = {isa = PBXFileReference; lastKnownFileType = "wrapper.pb-project"; name = SwiftHTTP.xcodeproj; path = /Users/mikaelhellman/Documents/Development/SwiftHTTP/SwiftHTTP.xcodeproj; sourceTree = "<absolute>"; };
		1806037B1C02165000AC1841 /* LocationSearchResponder.swift */ = {isa = PBXFileReference; fileEncoding = 4; lastKnownFileType = sourcecode.swift; path = LocationSearchResponder.swift; sourceTree = "<group>"; };
		180FD8B41C0B087E0095C790 /* ScorePost.swift */ = {isa = PBXFileReference; fileEncoding = 4; lastKnownFileType = sourcecode.swift; path = ScorePost.swift; sourceTree = "<group>"; };
		180FD8BA1C0B150E0095C790 /* ScorePostHelper.swift */ = {isa = PBXFileReference; fileEncoding = 4; lastKnownFileType = sourcecode.swift; path = ScorePostHelper.swift; sourceTree = "<group>"; };
		1818B2661C404FE0004E3CA3 /* Today.appex */ = {isa = PBXFileReference; explicitFileType = "wrapper.app-extension"; includeInIndex = 0; path = Today.appex; sourceTree = BUILT_PRODUCTS_DIR; };
		1818B2691C404FE0004E3CA3 /* TodayViewController.swift */ = {isa = PBXFileReference; lastKnownFileType = sourcecode.swift; path = TodayViewController.swift; sourceTree = "<group>"; };
		1818B26C1C404FE0004E3CA3 /* Base */ = {isa = PBXFileReference; lastKnownFileType = file.storyboard; name = Base; path = Base.lproj/MainInterface.storyboard; sourceTree = "<group>"; };
		1818B26E1C404FE0004E3CA3 /* Info.plist */ = {isa = PBXFileReference; lastKnownFileType = text.plist.xml; path = Info.plist; sourceTree = "<group>"; };
		1818B2751C405ACF004E3CA3 /* Today.entitlements */ = {isa = PBXFileReference; lastKnownFileType = text.xml; path = Today.entitlements; sourceTree = "<group>"; };
		181B9AEE1C0370EF00B9145A /* SLTravelPlannerV2Api.swift */ = {isa = PBXFileReference; fileEncoding = 4; lastKnownFileType = sourcecode.swift; path = SLTravelPlannerV2Api.swift; sourceTree = "<group>"; };
		181B9AF01C0375DC00B9145A /* TripSegment.swift */ = {isa = PBXFileReference; fileEncoding = 4; lastKnownFileType = sourcecode.swift; path = TripSegment.swift; sourceTree = "<group>"; };
		181B9AF21C0380FD00B9145A /* SearchTripService.swift */ = {isa = PBXFileReference; fileEncoding = 4; lastKnownFileType = sourcecode.swift; path = SearchTripService.swift; sourceTree = "<group>"; };
		181B9AF51C03A9E100B9145A /* DateUtils.swift */ = {isa = PBXFileReference; fileEncoding = 4; lastKnownFileType = sourcecode.swift; path = DateUtils.swift; sourceTree = "<group>"; };
		181B9AF71C03B3FB00B9145A /* TripHelper.swift */ = {isa = PBXFileReference; fileEncoding = 4; lastKnownFileType = sourcecode.swift; path = TripHelper.swift; sourceTree = "<group>"; };
		181B9AF91C03D64000B9145A /* RoutineService.swift */ = {isa = PBXFileReference; fileEncoding = 4; lastKnownFileType = sourcecode.swift; path = RoutineService.swift; sourceTree = "<group>"; };
		181BD4151C047AA900651D0F /* RoutineTripHeader.swift */ = {isa = PBXFileReference; fileEncoding = 4; lastKnownFileType = sourcecode.swift; path = RoutineTripHeader.swift; sourceTree = "<group>"; };
		181CFD041C396FDE004637F9 /* ReceiptManager.swift */ = {isa = PBXFileReference; fileEncoding = 4; lastKnownFileType = sourcecode.swift; path = ReceiptManager.swift; sourceTree = "<group>"; };
		18232CA31C01D46A006334D1 /* EditRoutineTripVC.swift */ = {isa = PBXFileReference; fileEncoding = 4; lastKnownFileType = sourcecode.swift; path = EditRoutineTripVC.swift; sourceTree = "<group>"; };
		18232CA51C01DB81006334D1 /* StyleButton.swift */ = {isa = PBXFileReference; fileEncoding = 4; lastKnownFileType = sourcecode.swift; path = StyleButton.swift; sourceTree = "<group>"; };
		18232CA91C01EA15006334D1 /* LocationSearchService.swift */ = {isa = PBXFileReference; fileEncoding = 4; lastKnownFileType = sourcecode.swift; path = LocationSearchService.swift; sourceTree = "<group>"; };
		18232CAB1C01EC2F006334D1 /* SearchLocationVC.swift */ = {isa = PBXFileReference; fileEncoding = 4; lastKnownFileType = sourcecode.swift; path = SearchLocationVC.swift; sourceTree = "<group>"; };
		18232CAD1C01F1CA006334D1 /* ManageRoutineTripCell.swift */ = {isa = PBXFileReference; fileEncoding = 4; lastKnownFileType = sourcecode.swift; path = ManageRoutineTripCell.swift; sourceTree = "<group>"; };
		18232CAF1C01FA78006334D1 /* SLSearchLocationApi.swift */ = {isa = PBXFileReference; fileEncoding = 4; lastKnownFileType = sourcecode.swift; path = SLSearchLocationApi.swift; sourceTree = "<group>"; };
		18353DDF1C1F70590011CDEA /* AdvancedCriterionsHelper.swift */ = {isa = PBXFileReference; fileEncoding = 4; lastKnownFileType = sourcecode.swift; path = AdvancedCriterionsHelper.swift; sourceTree = "<group>"; };
		183D6EB11C19DBF000EB7537 /* TrafficSituationService.swift */ = {isa = PBXFileReference; fileEncoding = 4; lastKnownFileType = sourcecode.swift; path = TrafficSituationService.swift; sourceTree = "<group>"; };
		183D6EB31C19DC2700EB7537 /* SLTrafficSituationServiceApi.swift */ = {isa = PBXFileReference; fileEncoding = 4; lastKnownFileType = sourcecode.swift; path = SLTrafficSituationServiceApi.swift; sourceTree = "<group>"; };
		183D6EB51C19DEF400EB7537 /* SituationGroup.swift */ = {isa = PBXFileReference; fileEncoding = 4; lastKnownFileType = sourcecode.swift; path = SituationGroup.swift; sourceTree = "<group>"; };
		183D6EB71C19DF0800EB7537 /* Situation.swift */ = {isa = PBXFileReference; fileEncoding = 4; lastKnownFileType = sourcecode.swift; path = Situation.swift; sourceTree = "<group>"; };
		183D6EBA1C1A2F2900EB7537 /* TrafficSituationVC.swift */ = {isa = PBXFileReference; fileEncoding = 4; lastKnownFileType = sourcecode.swift; path = TrafficSituationVC.swift; sourceTree = "<group>"; };
		183D6EBC1C1A352100EB7537 /* SituationHeader.swift */ = {isa = PBXFileReference; fileEncoding = 4; lastKnownFileType = sourcecode.swift; path = SituationHeader.swift; sourceTree = "<group>"; };
		183D6EBE1C1A354F00EB7537 /* SituationRow.swift */ = {isa = PBXFileReference; fileEncoding = 4; lastKnownFileType = sourcecode.swift; path = SituationRow.swift; sourceTree = "<group>"; };
		185073741C09CE84005D0D7E /* TripIcons.swift */ = {isa = PBXFileReference; fileEncoding = 4; lastKnownFileType = sourcecode.swift; path = TripIcons.swift; sourceTree = "<group>"; };
		1851F2D61C35F56C0013CD6A /* SubscriptionCell.swift */ = {isa = PBXFileReference; fileEncoding = 4; lastKnownFileType = sourcecode.swift; path = SubscriptionCell.swift; sourceTree = "<group>"; };
		1851F2DC1C36D71B0013CD6A /* SubscriptionManager.swift */ = {isa = PBXFileReference; fileEncoding = 4; lastKnownFileType = sourcecode.swift; path = SubscriptionManager.swift; sourceTree = "<group>"; };
		1854E1981C065EB70070C545 /* StandardGradient.swift */ = {isa = PBXFileReference; fileEncoding = 4; lastKnownFileType = sourcecode.swift; path = StandardGradient.swift; sourceTree = "<group>"; };
		185BCC911C09389E00A2C6DB /* TripHeader.swift */ = {isa = PBXFileReference; fileEncoding = 4; lastKnownFileType = sourcecode.swift; path = TripHeader.swift; sourceTree = "<group>"; };
		186235FC1C411C2B0056338E /* TripIcons.swift */ = {isa = PBXFileReference; fileEncoding = 4; lastKnownFileType = sourcecode.swift; path = TripIcons.swift; sourceTree = "<group>"; };
		186236001C411CE40056338E /* Assets.xcassets */ = {isa = PBXFileReference; lastKnownFileType = folder.assetcatalog; path = Assets.xcassets; sourceTree = "<group>"; };
		1869E2981C1E0E36001FE4B2 /* PickLocationResponder.swift */ = {isa = PBXFileReference; fileEncoding = 4; lastKnownFileType = sourcecode.swift; path = PickLocationResponder.swift; sourceTree = "<group>"; };
		188367611C16264200A8BE16 /* WatchService.swift */ = {isa = PBXFileReference; fileEncoding = 4; lastKnownFileType = sourcecode.swift; path = WatchService.swift; sourceTree = "<group>"; };
		188367681C16EEA000A8BE16 /* TripDetailsVC.swift */ = {isa = PBXFileReference; fileEncoding = 4; lastKnownFileType = sourcecode.swift; path = TripDetailsVC.swift; sourceTree = "<group>"; };
		1883676A1C170CC100A8BE16 /* TripCellProtocol.swift */ = {isa = PBXFileReference; fileEncoding = 4; lastKnownFileType = sourcecode.swift; path = TripCellProtocol.swift; sourceTree = "<group>"; };
		1883676C1C170D5A00A8BE16 /* TripDetailsHeaderCell.swift */ = {isa = PBXFileReference; fileEncoding = 4; lastKnownFileType = sourcecode.swift; path = TripDetailsHeaderCell.swift; sourceTree = "<group>"; };
		1883676E1C170DE500A8BE16 /* TripDetailsOriginCell.swift */ = {isa = PBXFileReference; fileEncoding = 4; lastKnownFileType = sourcecode.swift; path = TripDetailsOriginCell.swift; sourceTree = "<group>"; };
		188367701C170E1800A8BE16 /* TripDetailsChangeCell.swift */ = {isa = PBXFileReference; fileEncoding = 4; lastKnownFileType = sourcecode.swift; path = TripDetailsChangeCell.swift; sourceTree = "<group>"; };
		188367721C170E3B00A8BE16 /* TripDetailsSegmentCell.swift */ = {isa = PBXFileReference; fileEncoding = 4; lastKnownFileType = sourcecode.swift; path = TripDetailsSegmentCell.swift; sourceTree = "<group>"; };
		188367741C170E5500A8BE16 /* TripDetailsDestinationCell.swift */ = {isa = PBXFileReference; fileEncoding = 4; lastKnownFileType = sourcecode.swift; path = TripDetailsDestinationCell.swift; sourceTree = "<group>"; };
		1885ECFF1C20BD7A000E803D /* UILabelExtention.swift */ = {isa = PBXFileReference; fileEncoding = 4; lastKnownFileType = sourcecode.swift; path = UILabelExtention.swift; sourceTree = "<group>"; };
		188B80441C175D9600E7D90C /* NotificationCenter.framework */ = {isa = PBXFileReference; lastKnownFileType = wrapper.framework; name = NotificationCenter.framework; path = System/Library/Frameworks/NotificationCenter.framework; sourceTree = SDKROOT; };
		188B80971C177E9E00E7D90C /* Res Smart.entitlements */ = {isa = PBXFileReference; lastKnownFileType = text.xml; path = "Res Smart.entitlements"; sourceTree = "<group>"; };
		188B80AD1C178DD900E7D90C /* TripSearchVC.swift */ = {isa = PBXFileReference; fileEncoding = 4; lastKnownFileType = sourcecode.swift; path = TripSearchVC.swift; sourceTree = "<group>"; };
		188B85651C14ADF100098B00 /* SLNetworkError.swift */ = {isa = PBXFileReference; fileEncoding = 4; lastKnownFileType = sourcecode.swift; path = SLNetworkError.swift; sourceTree = "<group>"; };
		188B85691C15B03400098B00 /* DateUtils.swift */ = {isa = PBXFileReference; fileEncoding = 4; lastKnownFileType = sourcecode.swift; path = DateUtils.swift; sourceTree = "<group>"; };
		188B856D1C15BFA000098B00 /* OtherRoutinesRow.swift */ = {isa = PBXFileReference; fileEncoding = 4; lastKnownFileType = sourcecode.swift; path = OtherRoutinesRow.swift; sourceTree = "<group>"; };
		188B85701C15D44200098B00 /* TripsIC.swift */ = {isa = PBXFileReference; fileEncoding = 4; lastKnownFileType = sourcecode.swift; path = TripsIC.swift; sourceTree = "<group>"; };
		188B85721C15E30B00098B00 /* TripRow.swift */ = {isa = PBXFileReference; fileEncoding = 4; lastKnownFileType = sourcecode.swift; path = TripRow.swift; sourceTree = "<group>"; };
		1892BA391C1F188700BC191A /* TravelTypesVC.swift */ = {isa = PBXFileReference; fileEncoding = 4; lastKnownFileType = sourcecode.swift; path = TravelTypesVC.swift; sourceTree = "<group>"; };
		1892BA3B1C1F244400BC191A /* TravelTypesResponder.swift */ = {isa = PBXFileReference; fileEncoding = 4; lastKnownFileType = sourcecode.swift; path = TravelTypesResponder.swift; sourceTree = "<group>"; };
		1892BA3D1C1F26E100BC191A /* TravelTypesPickerRow.swift */ = {isa = PBXFileReference; fileEncoding = 4; lastKnownFileType = sourcecode.swift; path = TravelTypesPickerRow.swift; sourceTree = "<group>"; };
		18937E311BFF33FA00C523C9 /* Res Smart.app */ = {isa = PBXFileReference; explicitFileType = wrapper.application; includeInIndex = 0; path = "Res Smart.app"; sourceTree = BUILT_PRODUCTS_DIR; };
		18937E341BFF33FA00C523C9 /* AppDelegate.swift */ = {isa = PBXFileReference; lastKnownFileType = sourcecode.swift; path = AppDelegate.swift; sourceTree = "<group>"; };
		18937E391BFF33FA00C523C9 /* Base */ = {isa = PBXFileReference; lastKnownFileType = file.storyboard; name = Base; path = Base.lproj/Main.storyboard; sourceTree = "<group>"; };
		18937E3B1BFF33FA00C523C9 /* Assets.xcassets */ = {isa = PBXFileReference; lastKnownFileType = folder.assetcatalog; path = Assets.xcassets; sourceTree = "<group>"; };
		18937E3E1BFF33FA00C523C9 /* Base */ = {isa = PBXFileReference; lastKnownFileType = file.storyboard; name = Base; path = Base.lproj/LaunchScreen.storyboard; sourceTree = "<group>"; };
		18937E401BFF33FA00C523C9 /* Info.plist */ = {isa = PBXFileReference; lastKnownFileType = text.plist.xml; path = Info.plist; sourceTree = "<group>"; };
		18937E431BFF33FB00C523C9 /* Res Smart.app */ = {isa = PBXFileReference; explicitFileType = wrapper.application; includeInIndex = 0; path = "Res Smart.app"; sourceTree = BUILT_PRODUCTS_DIR; };
		18937E491BFF33FB00C523C9 /* Base */ = {isa = PBXFileReference; lastKnownFileType = file.storyboard; name = Base; path = Base.lproj/Interface.storyboard; sourceTree = "<group>"; };
		18937E4B1BFF33FB00C523C9 /* Assets.xcassets */ = {isa = PBXFileReference; lastKnownFileType = folder.assetcatalog; path = Assets.xcassets; sourceTree = "<group>"; };
		18937E4D1BFF33FB00C523C9 /* Info.plist */ = {isa = PBXFileReference; lastKnownFileType = text.plist.xml; path = Info.plist; sourceTree = "<group>"; };
		18937E521BFF33FB00C523C9 /* Res Smart.appex */ = {isa = PBXFileReference; explicitFileType = "wrapper.app-extension"; includeInIndex = 0; path = "Res Smart.appex"; sourceTree = BUILT_PRODUCTS_DIR; };
		18937E591BFF33FB00C523C9 /* SmartTripIC.swift */ = {isa = PBXFileReference; lastKnownFileType = sourcecode.swift; path = SmartTripIC.swift; sourceTree = "<group>"; };
		18937E5B1BFF33FB00C523C9 /* ExtensionDelegate.swift */ = {isa = PBXFileReference; lastKnownFileType = sourcecode.swift; path = ExtensionDelegate.swift; sourceTree = "<group>"; };
		18937E5F1BFF33FB00C523C9 /* GlanceController.swift */ = {isa = PBXFileReference; lastKnownFileType = sourcecode.swift; path = GlanceController.swift; sourceTree = "<group>"; };
		18937E611BFF33FB00C523C9 /* ComplicationController.swift */ = {isa = PBXFileReference; lastKnownFileType = sourcecode.swift; path = ComplicationController.swift; sourceTree = "<group>"; };
		18937E631BFF33FB00C523C9 /* Assets.xcassets */ = {isa = PBXFileReference; lastKnownFileType = folder.assetcatalog; path = Assets.xcassets; sourceTree = "<group>"; };
		18937E651BFF33FB00C523C9 /* Info.plist */ = {isa = PBXFileReference; lastKnownFileType = text.plist.xml; path = Info.plist; sourceTree = "<group>"; };
		18937E761BFF5D6B00C523C9 /* RoutineTripsVC.swift */ = {isa = PBXFileReference; fileEncoding = 4; lastKnownFileType = sourcecode.swift; path = RoutineTripsVC.swift; sourceTree = "<group>"; };
		18937E791BFF5F2F00C523C9 /* Trip.swift */ = {isa = PBXFileReference; fileEncoding = 4; lastKnownFileType = sourcecode.swift; path = Trip.swift; sourceTree = "<group>"; };
		18937E7B1BFF5F8100C523C9 /* Location.swift */ = {isa = PBXFileReference; fileEncoding = 4; lastKnownFileType = sourcecode.swift; path = Location.swift; sourceTree = "<group>"; };
		18937E7D1BFF6AB700C523C9 /* RoutineTripCell.swift */ = {isa = PBXFileReference; fileEncoding = 4; lastKnownFileType = sourcecode.swift; path = RoutineTripCell.swift; sourceTree = "<group>"; };
		18937E821BFFB56A00C523C9 /* ManageRoutineTripsVC.swift */ = {isa = PBXFileReference; fileEncoding = 4; lastKnownFileType = sourcecode.swift; path = ManageRoutineTripsVC.swift; sourceTree = "<group>"; };
		18937E861C00A17700C523C9 /* RoutineTrip.swift */ = {isa = PBXFileReference; fileEncoding = 4; lastKnownFileType = sourcecode.swift; path = RoutineTrip.swift; sourceTree = "<group>"; };
		18946B161C18431500A5829D /* DateTimePickerVC.swift */ = {isa = PBXFileReference; fileEncoding = 4; lastKnownFileType = sourcecode.swift; path = DateTimePickerVC.swift; sourceTree = "<group>"; };
		18946B1C1C1844E700A5829D /* DateTimePickResponder.swift */ = {isa = PBXFileReference; fileEncoding = 4; lastKnownFileType = sourcecode.swift; path = DateTimePickResponder.swift; sourceTree = "<group>"; };
		1894A6FD1C354ABD00CDF905 /* SubscribeVC.swift */ = {isa = PBXFileReference; fileEncoding = 4; lastKnownFileType = sourcecode.swift; path = SubscribeVC.swift; sourceTree = "<group>"; };
		18A9E8471C18993B008F97C8 /* ResStockholmApiKit.framework */ = {isa = PBXFileReference; explicitFileType = wrapper.framework; includeInIndex = 0; path = ResStockholmApiKit.framework; sourceTree = BUILT_PRODUCTS_DIR; };
		18A9E8491C18993B008F97C8 /* ResStockholmApiKit.h */ = {isa = PBXFileReference; lastKnownFileType = sourcecode.c.h; path = ResStockholmApiKit.h; sourceTree = "<group>"; };
		18A9E84B1C18993B008F97C8 /* Info.plist */ = {isa = PBXFileReference; lastKnownFileType = text.plist.xml; path = Info.plist; sourceTree = "<group>"; };
		18AAC92D1C2EE3DF00022C54 /* SearchCriterionStore.swift */ = {isa = PBXFileReference; fileEncoding = 4; lastKnownFileType = sourcecode.swift; path = SearchCriterionStore.swift; sourceTree = "<group>"; };
		18AAC92E1C2EE3DF00022C54 /* RoutineTripsStore.swift */ = {isa = PBXFileReference; fileEncoding = 4; lastKnownFileType = sourcecode.swift; path = RoutineTripsStore.swift; sourceTree = "<group>"; };
		18AAC9311C2EE61000022C54 /* ScorePostStore.swift */ = {isa = PBXFileReference; fileEncoding = 4; lastKnownFileType = sourcecode.swift; path = ScorePostStore.swift; sourceTree = "<group>"; };
		18AAC9331C2EE7BC00022C54 /* LatestLocationsStore.swift */ = {isa = PBXFileReference; fileEncoding = 4; lastKnownFileType = sourcecode.swift; path = LatestLocationsStore.swift; sourceTree = "<group>"; };
		18AC9CF71C07AD4D007ECFA2 /* TripListVC.swift */ = {isa = PBXFileReference; fileEncoding = 4; lastKnownFileType = sourcecode.swift; path = TripListVC.swift; sourceTree = "<group>"; };
		18AC9CF91C07AE63007ECFA2 /* TripCell.swift */ = {isa = PBXFileReference; fileEncoding = 4; lastKnownFileType = sourcecode.swift; path = TripCell.swift; sourceTree = "<group>"; };
		18AC9CFB1C08647A007ECFA2 /* SLSearchNearbyStationsApi.swift */ = {isa = PBXFileReference; fileEncoding = 4; lastKnownFileType = sourcecode.swift; path = SLSearchNearbyStationsApi.swift; sourceTree = "<group>"; };
		18AC9CFD1C0866C7007ECFA2 /* MyLocationHelper.swift */ = {isa = PBXFileReference; fileEncoding = 4; lastKnownFileType = sourcecode.swift; path = MyLocationHelper.swift; sourceTree = "<group>"; };
		18AC9CFF1C08B5B4007ECFA2 /* TripFooter.swift */ = {isa = PBXFileReference; fileEncoding = 4; lastKnownFileType = sourcecode.swift; path = TripFooter.swift; sourceTree = "<group>"; };
		18B2902A1C46D8BC00DCE585 /* StringUtils.swift */ = {isa = PBXFileReference; fileEncoding = 4; lastKnownFileType = sourcecode.swift; path = StringUtils.swift; sourceTree = "<group>"; };
		18B290301C46D9D900DCE585 /* Res Smart Playground.playground */ = {isa = PBXFileReference; lastKnownFileType = file.playground; path = "Res Smart Playground.playground"; sourceTree = "<group>"; };
		18CB35B11C1E08B90084CA27 /* LocationPickerRow.swift */ = {isa = PBXFileReference; fileEncoding = 4; lastKnownFileType = sourcecode.swift; path = LocationPickerRow.swift; sourceTree = "<group>"; };
		18CE5CC81C03140A00E1F5A9 /* StyleHelper.swift */ = {isa = PBXFileReference; fileEncoding = 4; lastKnownFileType = sourcecode.swift; path = StyleHelper.swift; sourceTree = "<group>"; };
		18CE5CCA1C031A0800E1F5A9 /* CustomTabVC.swift */ = {isa = PBXFileReference; fileEncoding = 4; lastKnownFileType = sourcecode.swift; path = CustomTabVC.swift; sourceTree = "<group>"; };
		18D1953E1C07964900FB1A93 /* TripSeachCriterion.swift */ = {isa = PBXFileReference; fileEncoding = 4; lastKnownFileType = sourcecode.swift; path = TripSeachCriterion.swift; sourceTree = "<group>"; };
		18D6521D1C3D9C510067FC60 /* HereToThereCell.swift */ = {isa = PBXFileReference; fileEncoding = 4; lastKnownFileType = sourcecode.swift; path = HereToThereCell.swift; sourceTree = "<group>"; };
/* End PBXFileReference section */

/* Begin PBXFrameworksBuildPhase section */
		1818B2631C404FE0004E3CA3 /* Frameworks */ = {
			isa = PBXFrameworksBuildPhase;
			buildActionMask = 2147483647;
			files = (
				1818B2781C405D5B004E3CA3 /* ResStockholmApiKit.framework in Frameworks */,
				1818B2671C404FE0004E3CA3 /* NotificationCenter.framework in Frameworks */,
			);
			runOnlyForDeploymentPostprocessing = 0;
		};
		18937E2E1BFF33FA00C523C9 /* Frameworks */ = {
			isa = PBXFrameworksBuildPhase;
			buildActionMask = 2147483647;
			files = (
				18A9E84E1C18993B008F97C8 /* ResStockholmApiKit.framework in Frameworks */,
			);
			runOnlyForDeploymentPostprocessing = 0;
		};
		18937E4F1BFF33FB00C523C9 /* Frameworks */ = {
			isa = PBXFrameworksBuildPhase;
			buildActionMask = 2147483647;
			files = (
			);
			runOnlyForDeploymentPostprocessing = 0;
		};
		18A9E8431C18993B008F97C8 /* Frameworks */ = {
			isa = PBXFrameworksBuildPhase;
			buildActionMask = 2147483647;
			files = (
				18A9E8741C189C1C008F97C8 /* SwiftHTTP.framework in Frameworks */,
			);
			runOnlyForDeploymentPostprocessing = 0;
		};
/* End PBXFrameworksBuildPhase section */

/* Begin PBXGroup section */
		1801A3F61C392D880068E1FC /* Lib */ = {
			isa = PBXGroup;
			children = (
				1851F2DC1C36D71B0013CD6A /* SubscriptionManager.swift */,
				1801A3FB1C392DE60068E1FC /* SubscriptionStore.swift */,
				1801A3FD1C39317C0068E1FC /* SubscribeDelegate.swift */,
				181CFD041C396FDE004637F9 /* ReceiptManager.swift */,
			);
			path = Lib;
			sourceTree = "<group>";
		};
		1818B2681C404FE0004E3CA3 /* Today */ = {
			isa = PBXGroup;
			children = (
				1818B2751C405ACF004E3CA3 /* Today.entitlements */,
				1818B2691C404FE0004E3CA3 /* TodayViewController.swift */,
				1818B26B1C404FE0004E3CA3 /* MainInterface.storyboard */,
				1818B26E1C404FE0004E3CA3 /* Info.plist */,
				186235FC1C411C2B0056338E /* TripIcons.swift */,
				186236001C411CE40056338E /* Assets.xcassets */,
			);
			path = Today;
			sourceTree = "<group>";
		};
		181B9AF41C03A9BC00B9145A /* Common */ = {
			isa = PBXGroup;
			children = (
				180603631C01FCBE00AC1841 /* SwiftyJSON.swift */,
				181B9AF51C03A9E100B9145A /* DateUtils.swift */,
				18B2902A1C46D8BC00DCE585 /* StringUtils.swift */,
			);
			path = Common;
			sourceTree = "<group>";
		};
		18232CA71C01E954006334D1 /* Manage Routine Trips */ = {
			isa = PBXGroup;
			children = (
				18937E821BFFB56A00C523C9 /* ManageRoutineTripsVC.swift */,
				18232CAD1C01F1CA006334D1 /* ManageRoutineTripCell.swift */,
				18232CA31C01D46A006334D1 /* EditRoutineTripVC.swift */,
			);
			name = "Manage Routine Trips";
			path = "Manage routine trips";
			sourceTree = "<group>";
		};
		18232CA81C01E9FF006334D1 /* SL API */ = {
			isa = PBXGroup;
			children = (
				181B9AEE1C0370EF00B9145A /* SLTravelPlannerV2Api.swift */,
				18232CAF1C01FA78006334D1 /* SLSearchLocationApi.swift */,
				18AC9CFB1C08647A007ECFA2 /* SLSearchNearbyStationsApi.swift */,
				183D6EB31C19DC2700EB7537 /* SLTrafficSituationServiceApi.swift */,
				180603651C0201A100AC1841 /* HttpRequestHelper.swift */,
				188B85651C14ADF100098B00 /* SLNetworkError.swift */,
			);
			path = "SL API";
			sourceTree = "<group>";
		};
		1827692E1C01163B00655B4B /* Common */ = {
			isa = PBXGroup;
			children = (
				18232CA51C01DB81006334D1 /* StyleButton.swift */,
				18CE5CC81C03140A00E1F5A9 /* StyleHelper.swift */,
				1854E1981C065EB70070C545 /* StandardGradient.swift */,
				185073741C09CE84005D0D7E /* TripIcons.swift */,
				18353DDF1C1F70590011CDEA /* AdvancedCriterionsHelper.swift */,
				1885ECFF1C20BD7A000E803D /* UILabelExtention.swift */,
			);
			path = Common;
			sourceTree = "<group>";
		};
		183D6EB91C1A2E8B00EB7537 /* Traffic Situation */ = {
			isa = PBXGroup;
			children = (
				183D6EBA1C1A2F2900EB7537 /* TrafficSituationVC.swift */,
				183D6EBC1C1A352100EB7537 /* SituationHeader.swift */,
				183D6EBE1C1A354F00EB7537 /* SituationRow.swift */,
			);
			path = "Traffic Situation";
			sourceTree = "<group>";
		};
		188367671C16EE7A00A8BE16 /* Trip Details */ = {
			isa = PBXGroup;
			children = (
				188367681C16EEA000A8BE16 /* TripDetailsVC.swift */,
				1883676A1C170CC100A8BE16 /* TripCellProtocol.swift */,
				1883676C1C170D5A00A8BE16 /* TripDetailsHeaderCell.swift */,
				1883676E1C170DE500A8BE16 /* TripDetailsOriginCell.swift */,
				188367701C170E1800A8BE16 /* TripDetailsChangeCell.swift */,
				188367721C170E3B00A8BE16 /* TripDetailsSegmentCell.swift */,
				188367741C170E5500A8BE16 /* TripDetailsDestinationCell.swift */,
			);
			path = "Trip Details";
			sourceTree = "<group>";
		};
		188B80431C175D9600E7D90C /* Frameworks */ = {
			isa = PBXGroup;
			children = (
				188B80441C175D9600E7D90C /* NotificationCenter.framework */,
			);
			name = Frameworks;
			sourceTree = "<group>";
		};
		188B80AC1C178DB800E7D90C /* Trip Search */ = {
			isa = PBXGroup;
			children = (
				188B80AD1C178DD900E7D90C /* TripSearchVC.swift */,
				18946B161C18431500A5829D /* DateTimePickerVC.swift */,
				18946B1C1C1844E700A5829D /* DateTimePickResponder.swift */,
				1869E2981C1E0E36001FE4B2 /* PickLocationResponder.swift */,
			);
			path = "Trip Search";
			sourceTree = "<group>";
		};
		188B856B1C15BF5400098B00 /* Smart Trip */ = {
			isa = PBXGroup;
			children = (
				18937E591BFF33FB00C523C9 /* SmartTripIC.swift */,
				188B856D1C15BFA000098B00 /* OtherRoutinesRow.swift */,
			);
			path = "Smart Trip";
			sourceTree = "<group>";
		};
		188B856C1C15BF6400098B00 /* Glance and Complication */ = {
			isa = PBXGroup;
			children = (
				18937E5F1BFF33FB00C523C9 /* GlanceController.swift */,
				18937E611BFF33FB00C523C9 /* ComplicationController.swift */,
			);
			path = "Glance and Complication";
			sourceTree = "<group>";
		};
		188B856F1C15D42E00098B00 /* Trips */ = {
			isa = PBXGroup;
			children = (
				188B85701C15D44200098B00 /* TripsIC.swift */,
				188B85721C15E30B00098B00 /* TripRow.swift */,
			);
			path = Trips;
			sourceTree = "<group>";
		};
		1892BA341C1F185500BC191A /* Travel Types */ = {
			isa = PBXGroup;
			children = (
				1892BA391C1F188700BC191A /* TravelTypesVC.swift */,
				1892BA3B1C1F244400BC191A /* TravelTypesResponder.swift */,
				1892BA3D1C1F26E100BC191A /* TravelTypesPickerRow.swift */,
			);
			path = "Travel Types";
			sourceTree = "<group>";
		};
		18937E281BFF33FA00C523C9 = {
			isa = PBXGroup;
			children = (
				18B290301C46D9D900DCE585 /* Res Smart Playground.playground */,
				18CE5CCC1C0329DA00E1F5A9 /* Libraries */,
				18937E331BFF33FA00C523C9 /* Res Smart */,
				18937E471BFF33FB00C523C9 /* Res Smart WatchKit App */,
				18937E561BFF33FB00C523C9 /* Res Smart WatchKit Extension */,
				18A9E8481C18993B008F97C8 /* ResStockholmApiKit */,
				1818B2681C404FE0004E3CA3 /* Today */,
				188B80431C175D9600E7D90C /* Frameworks */,
				18937E321BFF33FA00C523C9 /* Products */,
			);
			sourceTree = "<group>";
		};
		18937E321BFF33FA00C523C9 /* Products */ = {
			isa = PBXGroup;
			children = (
				18937E311BFF33FA00C523C9 /* Res Smart.app */,
				18937E431BFF33FB00C523C9 /* Res Smart.app */,
				18937E521BFF33FB00C523C9 /* Res Smart.appex */,
				18A9E8471C18993B008F97C8 /* ResStockholmApiKit.framework */,
				1818B2661C404FE0004E3CA3 /* Today.appex */,
			);
			name = Products;
			sourceTree = "<group>";
		};
		18937E331BFF33FA00C523C9 /* Res Smart */ = {
			isa = PBXGroup;
			children = (
				1801A3F61C392D880068E1FC /* Lib */,
				18937E891C01139E00C523C9 /* UI */,
				18937E341BFF33FA00C523C9 /* AppDelegate.swift */,
				188367611C16264200A8BE16 /* WatchService.swift */,
				18937E381BFF33FA00C523C9 /* Main.storyboard */,
				18937E3B1BFF33FA00C523C9 /* Assets.xcassets */,
				18937E3D1BFF33FA00C523C9 /* LaunchScreen.storyboard */,
				18937E401BFF33FA00C523C9 /* Info.plist */,
				188B80971C177E9E00E7D90C /* Res Smart.entitlements */,
			);
			path = "Res Smart";
			sourceTree = "<group>";
		};
		18937E471BFF33FB00C523C9 /* Res Smart WatchKit App */ = {
			isa = PBXGroup;
			children = (
				18937E481BFF33FB00C523C9 /* Interface.storyboard */,
				18937E4B1BFF33FB00C523C9 /* Assets.xcassets */,
				18937E4D1BFF33FB00C523C9 /* Info.plist */,
			);
			path = "Res Smart WatchKit App";
			sourceTree = "<group>";
		};
		18937E561BFF33FB00C523C9 /* Res Smart WatchKit Extension */ = {
			isa = PBXGroup;
			children = (
				188B856B1C15BF5400098B00 /* Smart Trip */,
				188B856F1C15D42E00098B00 /* Trips */,
				188B856C1C15BF6400098B00 /* Glance and Complication */,
				18937E571BFF33FB00C523C9 /* Supporting Files */,
				18937E5B1BFF33FB00C523C9 /* ExtensionDelegate.swift */,
				18937E631BFF33FB00C523C9 /* Assets.xcassets */,
				18937E651BFF33FB00C523C9 /* Info.plist */,
			);
			path = "Res Smart WatchKit Extension";
			sourceTree = "<group>";
		};
		18937E571BFF33FB00C523C9 /* Supporting Files */ = {
			isa = PBXGroup;
			children = (
				188B85691C15B03400098B00 /* DateUtils.swift */,
			);
			path = "Supporting Files";
			sourceTree = "<group>";
		};
		18937E751BFF5CFC00C523C9 /* Routine Trips */ = {
			isa = PBXGroup;
			children = (
				18232CA71C01E954006334D1 /* Manage Routine Trips */,
				18937E761BFF5D6B00C523C9 /* RoutineTripsVC.swift */,
				18937E7D1BFF6AB700C523C9 /* RoutineTripCell.swift */,
				181BD4151C047AA900651D0F /* RoutineTripHeader.swift */,
				18D6521D1C3D9C510067FC60 /* HereToThereCell.swift */,
			);
			path = "Routine Trips";
			sourceTree = "<group>";
		};
		18937E781BFF5EF800C523C9 /* Model */ = {
			isa = PBXGroup;
			children = (
				18937E791BFF5F2F00C523C9 /* Trip.swift */,
				18937E7B1BFF5F8100C523C9 /* Location.swift */,
				18937E861C00A17700C523C9 /* RoutineTrip.swift */,
				181B9AF01C0375DC00B9145A /* TripSegment.swift */,
				181B9AF71C03B3FB00B9145A /* TripHelper.swift */,
				18D1953E1C07964900FB1A93 /* TripSeachCriterion.swift */,
				180FD8B41C0B087E0095C790 /* ScorePost.swift */,
				183D6EB51C19DEF400EB7537 /* SituationGroup.swift */,
				183D6EB71C19DF0800EB7537 /* Situation.swift */,
			);
			path = Model;
			sourceTree = "<group>";
		};
		18937E881C01139400C523C9 /* Services */ = {
			isa = PBXGroup;
			children = (
				18232CA81C01E9FF006334D1 /* SL API */,
				181B9AF91C03D64000B9145A /* RoutineService.swift */,
				18232CA91C01EA15006334D1 /* LocationSearchService.swift */,
				181B9AF21C0380FD00B9145A /* SearchTripService.swift */,
				183D6EB11C19DBF000EB7537 /* TrafficSituationService.swift */,
				18AC9CFD1C0866C7007ECFA2 /* MyLocationHelper.swift */,
				180FD8BA1C0B150E0095C790 /* ScorePostHelper.swift */,
			);
			path = Services;
			sourceTree = "<group>";
		};
		18937E891C01139E00C523C9 /* UI */ = {
			isa = PBXGroup;
			children = (
				1894A6F81C354A9000CDF905 /* Subscription */,
				1892BA341C1F185500BC191A /* Travel Types */,
				18937E751BFF5CFC00C523C9 /* Routine Trips */,
				18BF52241C18302A002B68AD /* Search Location */,
				18AC9CF61C07AD05007ECFA2 /* Trip List */,
				188B80AC1C178DB800E7D90C /* Trip Search */,
				188367671C16EE7A00A8BE16 /* Trip Details */,
				183D6EB91C1A2E8B00EB7537 /* Traffic Situation */,
				1827692E1C01163B00655B4B /* Common */,
				18CE5CCA1C031A0800E1F5A9 /* CustomTabVC.swift */,
			);
			path = UI;
			sourceTree = "<group>";
		};
		1894A6F81C354A9000CDF905 /* Subscription */ = {
			isa = PBXGroup;
			children = (
				1894A6FD1C354ABD00CDF905 /* SubscribeVC.swift */,
				1851F2D61C35F56C0013CD6A /* SubscriptionCell.swift */,
			);
			path = Subscription;
			sourceTree = "<group>";
		};
		18A9E8481C18993B008F97C8 /* ResStockholmApiKit */ = {
			isa = PBXGroup;
			children = (
				18AAC9281C2EE3BC00022C54 /* Data Store */,
				18937E881C01139400C523C9 /* Services */,
				18937E781BFF5EF800C523C9 /* Model */,
				181B9AF41C03A9BC00B9145A /* Common */,
				18A9E8491C18993B008F97C8 /* ResStockholmApiKit.h */,
				18A9E84B1C18993B008F97C8 /* Info.plist */,
			);
			path = ResStockholmApiKit;
			sourceTree = "<group>";
		};
		18AAC9281C2EE3BC00022C54 /* Data Store */ = {
			isa = PBXGroup;
			children = (
				18AAC92D1C2EE3DF00022C54 /* SearchCriterionStore.swift */,
				18AAC9331C2EE7BC00022C54 /* LatestLocationsStore.swift */,
				18AAC92E1C2EE3DF00022C54 /* RoutineTripsStore.swift */,
				18AAC9311C2EE61000022C54 /* ScorePostStore.swift */,
			);
			path = "Data Store";
			sourceTree = "<group>";
		};
		18AC9CF61C07AD05007ECFA2 /* Trip List */ = {
			isa = PBXGroup;
			children = (
				18AC9CF71C07AD4D007ECFA2 /* TripListVC.swift */,
				18AC9CF91C07AE63007ECFA2 /* TripCell.swift */,
				18AC9CFF1C08B5B4007ECFA2 /* TripFooter.swift */,
				185BCC911C09389E00A2C6DB /* TripHeader.swift */,
			);
			path = "Trip List";
			sourceTree = "<group>";
		};
		18BF52241C18302A002B68AD /* Search Location */ = {
			isa = PBXGroup;
			children = (
				18232CAB1C01EC2F006334D1 /* SearchLocationVC.swift */,
				1806037B1C02165000AC1841 /* LocationSearchResponder.swift */,
				18CB35B11C1E08B90084CA27 /* LocationPickerRow.swift */,
			);
			path = "Search Location";
			sourceTree = "<group>";
		};
		18CE5CCC1C0329DA00E1F5A9 /* Libraries */ = {
			isa = PBXGroup;
			children = (
				180603671C0203B800AC1841 /* SwiftHTTP.xcodeproj */,
			);
			name = Libraries;
			sourceTree = "<group>";
		};
		18EAF4DA1C0F89990014701B /* Products */ = {
			isa = PBXGroup;
			children = (
				18EAF4E11C0F89990014701B /* SwiftHTTP.framework */,
				18EAF4E31C0F89990014701B /* SwiftHTTPTests.xctest */,
				18EAF4E51C0F89990014701B /* SwiftHTTP.framework */,
				18EAF4E71C0F89990014701B /* SwiftHTTPOSXTests.xctest */,
			);
			name = Products;
			sourceTree = "<group>";
		};
/* End PBXGroup section */

/* Begin PBXHeadersBuildPhase section */
		18A9E8441C18993B008F97C8 /* Headers */ = {
			isa = PBXHeadersBuildPhase;
			buildActionMask = 2147483647;
			files = (
				18A9E84A1C18993B008F97C8 /* ResStockholmApiKit.h in Headers */,
			);
			runOnlyForDeploymentPostprocessing = 0;
		};
/* End PBXHeadersBuildPhase section */

/* Begin PBXNativeTarget section */
		1818B2651C404FE0004E3CA3 /* Today */ = {
			isa = PBXNativeTarget;
			buildConfigurationList = 1818B2721C404FE1004E3CA3 /* Build configuration list for PBXNativeTarget "Today" */;
			buildPhases = (
				1818B2621C404FE0004E3CA3 /* Sources */,
				1818B2631C404FE0004E3CA3 /* Frameworks */,
				1818B2641C404FE0004E3CA3 /* Resources */,
			);
			buildRules = (
			);
			dependencies = (
				1818B2771C405D55004E3CA3 /* PBXTargetDependency */,
			);
			name = Today;
			productName = Today;
			productReference = 1818B2661C404FE0004E3CA3 /* Today.appex */;
			productType = "com.apple.product-type.app-extension";
		};
		18937E301BFF33FA00C523C9 /* Res Smart */ = {
			isa = PBXNativeTarget;
			buildConfigurationList = 18937E701BFF33FB00C523C9 /* Build configuration list for PBXNativeTarget "Res Smart" */;
			buildPhases = (
				18937E2D1BFF33FA00C523C9 /* Sources */,
				18937E2E1BFF33FA00C523C9 /* Frameworks */,
				18937E2F1BFF33FA00C523C9 /* Resources */,
				18937E6F1BFF33FB00C523C9 /* Embed Watch Content */,
				18937E731BFF344600C523C9 /* ShellScript */,
				180603771C02045C00AC1841 /* Copy Frameworks */,
				188B80571C175D9600E7D90C /* Embed App Extensions */,
			);
			buildRules = (
			);
			dependencies = (
				18937E461BFF33FB00C523C9 /* PBXTargetDependency */,
				18A9E84D1C18993B008F97C8 /* PBXTargetDependency */,
				1818B2701C404FE0004E3CA3 /* PBXTargetDependency */,
			);
			name = "Res Smart";
			productName = "Res i Sverige";
			productReference = 18937E311BFF33FA00C523C9 /* Res Smart.app */;
			productType = "com.apple.product-type.application";
		};
		18937E421BFF33FB00C523C9 /* Res Smart WatchKit App */ = {
			isa = PBXNativeTarget;
			buildConfigurationList = 18937E6C1BFF33FB00C523C9 /* Build configuration list for PBXNativeTarget "Res Smart WatchKit App" */;
			buildPhases = (
				18937E411BFF33FB00C523C9 /* Resources */,
				18937E6B1BFF33FB00C523C9 /* Embed App Extensions */,
			);
			buildRules = (
			);
			dependencies = (
				18937E551BFF33FB00C523C9 /* PBXTargetDependency */,
			);
			name = "Res Smart WatchKit App";
			productName = "Res i Sverige WatchKit App";
			productReference = 18937E431BFF33FB00C523C9 /* Res Smart.app */;
			productType = "com.apple.product-type.application.watchapp2";
		};
		18937E511BFF33FB00C523C9 /* Res Smart WatchKit Extension */ = {
			isa = PBXNativeTarget;
			buildConfigurationList = 18937E681BFF33FB00C523C9 /* Build configuration list for PBXNativeTarget "Res Smart WatchKit Extension" */;
			buildPhases = (
				18937E4E1BFF33FB00C523C9 /* Sources */,
				18937E4F1BFF33FB00C523C9 /* Frameworks */,
				18937E501BFF33FB00C523C9 /* Resources */,
			);
			buildRules = (
			);
			dependencies = (
			);
			name = "Res Smart WatchKit Extension";
			productName = "Res i Sverige WatchKit Extension";
			productReference = 18937E521BFF33FB00C523C9 /* Res Smart.appex */;
			productType = "com.apple.product-type.watchkit2-extension";
		};
		18A9E8461C18993B008F97C8 /* ResStockholmApiKit */ = {
			isa = PBXNativeTarget;
			buildConfigurationList = 18A9E8561C18993C008F97C8 /* Build configuration list for PBXNativeTarget "ResStockholmApiKit" */;
			buildPhases = (
				18A9E8421C18993B008F97C8 /* Sources */,
				18A9E8431C18993B008F97C8 /* Frameworks */,
				18A9E8441C18993B008F97C8 /* Headers */,
				18A9E8451C18993B008F97C8 /* Resources */,
				18F9483C1C1C78F3008C1B59 /* ShellScript */,
				18F9483D1C1C790A008C1B59 /* ShellScript */,
			);
			buildRules = (
			);
			dependencies = (
			);
			name = ResStockholmApiKit;
			productName = ResStockholmApiKit;
			productReference = 18A9E8471C18993B008F97C8 /* ResStockholmApiKit.framework */;
			productType = "com.apple.product-type.framework";
		};
/* End PBXNativeTarget section */

/* Begin PBXProject section */
		18937E291BFF33FA00C523C9 /* Project object */ = {
			isa = PBXProject;
			attributes = {
				LastSwiftUpdateCheck = 0720;
				LastUpgradeCheck = 0710;
				ORGANIZATIONNAME = "Mikael Hellman";
				TargetAttributes = {
					1818B2651C404FE0004E3CA3 = {
						CreatedOnToolsVersion = 7.2;
						DevelopmentTeam = 43E7S6Y435;
						SystemCapabilities = {
							com.apple.ApplicationGroups.iOS = {
								enabled = 1;
							};
						};
					};
					18937E301BFF33FA00C523C9 = {
						CreatedOnToolsVersion = 7.1.1;
						DevelopmentTeam = 43E7S6Y435;
						SystemCapabilities = {
							com.apple.ApplicationGroups.iOS = {
								enabled = 1;
							};
						};
					};
					18937E421BFF33FB00C523C9 = {
						CreatedOnToolsVersion = 7.1.1;
						DevelopmentTeam = 43E7S6Y435;
						SystemCapabilities = {
							com.apple.ApplicationGroups.iOS = {
								enabled = 1;
							};
						};
					};
					18937E511BFF33FB00C523C9 = {
						CreatedOnToolsVersion = 7.1.1;
						DevelopmentTeam = 43E7S6Y435;
						SystemCapabilities = {
							com.apple.ApplicationGroups.iOS = {
								enabled = 1;
							};
						};
					};
					18A9E8461C18993B008F97C8 = {
						CreatedOnToolsVersion = 7.1.1;
						DevelopmentTeam = 43E7S6Y435;
					};
				};
			};
			buildConfigurationList = 18937E2C1BFF33FA00C523C9 /* Build configuration list for PBXProject "Res Smart" */;
			compatibilityVersion = "Xcode 3.2";
			developmentRegion = English;
			hasScannedForEncodings = 0;
			knownRegions = (
				en,
				Base,
			);
			mainGroup = 18937E281BFF33FA00C523C9;
			productRefGroup = 18937E321BFF33FA00C523C9 /* Products */;
			projectDirPath = "";
			projectReferences = (
				{
					ProductGroup = 18EAF4DA1C0F89990014701B /* Products */;
					ProjectRef = 180603671C0203B800AC1841 /* SwiftHTTP.xcodeproj */;
				},
			);
			projectRoot = "";
			targets = (
				18937E301BFF33FA00C523C9 /* Res Smart */,
				18937E421BFF33FB00C523C9 /* Res Smart WatchKit App */,
				18937E511BFF33FB00C523C9 /* Res Smart WatchKit Extension */,
				18A9E8461C18993B008F97C8 /* ResStockholmApiKit */,
				1818B2651C404FE0004E3CA3 /* Today */,
			);
		};
/* End PBXProject section */

/* Begin PBXReferenceProxy section */
		18EAF4E11C0F89990014701B /* SwiftHTTP.framework */ = {
			isa = PBXReferenceProxy;
			fileType = wrapper.framework;
			path = SwiftHTTP.framework;
			remoteRef = 18EAF4E01C0F89990014701B /* PBXContainerItemProxy */;
			sourceTree = BUILT_PRODUCTS_DIR;
		};
		18EAF4E31C0F89990014701B /* SwiftHTTPTests.xctest */ = {
			isa = PBXReferenceProxy;
			fileType = wrapper.cfbundle;
			path = SwiftHTTPTests.xctest;
			remoteRef = 18EAF4E21C0F89990014701B /* PBXContainerItemProxy */;
			sourceTree = BUILT_PRODUCTS_DIR;
		};
		18EAF4E51C0F89990014701B /* SwiftHTTP.framework */ = {
			isa = PBXReferenceProxy;
			fileType = wrapper.framework;
			path = SwiftHTTP.framework;
			remoteRef = 18EAF4E41C0F89990014701B /* PBXContainerItemProxy */;
			sourceTree = BUILT_PRODUCTS_DIR;
		};
		18EAF4E71C0F89990014701B /* SwiftHTTPOSXTests.xctest */ = {
			isa = PBXReferenceProxy;
			fileType = wrapper.cfbundle;
			path = SwiftHTTPOSXTests.xctest;
			remoteRef = 18EAF4E61C0F89990014701B /* PBXContainerItemProxy */;
			sourceTree = BUILT_PRODUCTS_DIR;
		};
/* End PBXReferenceProxy section */

/* Begin PBXResourcesBuildPhase section */
		1818B2641C404FE0004E3CA3 /* Resources */ = {
			isa = PBXResourcesBuildPhase;
			buildActionMask = 2147483647;
			files = (
				186236011C411CE40056338E /* Assets.xcassets in Resources */,
				1818B26D1C404FE0004E3CA3 /* MainInterface.storyboard in Resources */,
			);
			runOnlyForDeploymentPostprocessing = 0;
		};
		18937E2F1BFF33FA00C523C9 /* Resources */ = {
			isa = PBXResourcesBuildPhase;
			buildActionMask = 2147483647;
			files = (
				18937E3F1BFF33FA00C523C9 /* LaunchScreen.storyboard in Resources */,
				18937E3C1BFF33FA00C523C9 /* Assets.xcassets in Resources */,
				18937E3A1BFF33FA00C523C9 /* Main.storyboard in Resources */,
			);
			runOnlyForDeploymentPostprocessing = 0;
		};
		18937E411BFF33FB00C523C9 /* Resources */ = {
			isa = PBXResourcesBuildPhase;
			buildActionMask = 2147483647;
			files = (
				18937E4C1BFF33FB00C523C9 /* Assets.xcassets in Resources */,
				18937E4A1BFF33FB00C523C9 /* Interface.storyboard in Resources */,
			);
			runOnlyForDeploymentPostprocessing = 0;
		};
		18937E501BFF33FB00C523C9 /* Resources */ = {
			isa = PBXResourcesBuildPhase;
			buildActionMask = 2147483647;
			files = (
				18937E641BFF33FB00C523C9 /* Assets.xcassets in Resources */,
			);
			runOnlyForDeploymentPostprocessing = 0;
		};
		18A9E8451C18993B008F97C8 /* Resources */ = {
			isa = PBXResourcesBuildPhase;
			buildActionMask = 2147483647;
			files = (
			);
			runOnlyForDeploymentPostprocessing = 0;
		};
/* End PBXResourcesBuildPhase section */

/* Begin PBXShellScriptBuildPhase section */
		18937E731BFF344600C523C9 /* ShellScript */ = {
			isa = PBXShellScriptBuildPhase;
			buildActionMask = 2147483647;
			files = (
			);
			inputPaths = (
			);
			outputPaths = (
			);
			runOnlyForDeploymentPostprocessing = 0;
			shellPath = /bin/sh;
			shellScript = "#!/bin/bash\nbuildNumber=$(/usr/libexec/PlistBuddy -c \"Print CFBundleVersion\" \"$INFOPLIST_FILE\")\nbuildNumber=$(($buildNumber + 1))\n/usr/libexec/PlistBuddy -c \"Set :CFBundleVersion $buildNumber\" \"$SRCROOT/Res Smart/Info.plist\"\n/usr/libexec/PlistBuddy -c \"Set :CFBundleVersion $buildNumber\" \"$SRCROOT/Res Smart WatchKit Extension/Info.plist\"\n/usr/libexec/PlistBuddy -c \"Set :CFBundleVersion $buildNumber\" \"$SRCROOT/Res Smart WatchKit App/Info.plist\"\n/usr/libexec/PlistBuddy -c \"Set :CFBundleVersion $buildNumber\" \"$SRCROOT/Today/Info.plist\"";
		};
		18F9483C1C1C78F3008C1B59 /* ShellScript */ = {
			isa = PBXShellScriptBuildPhase;
			buildActionMask = 2147483647;
			files = (
			);
			inputPaths = (
			);
			outputPaths = (
			);
			runOnlyForDeploymentPostprocessing = 0;
			shellPath = /bin/sh;
			shellScript = "#!/bin/bash\nbuildNumber=$(/usr/libexec/PlistBuddy -c \"Print CFBundleVersion\" \"$INFOPLIST_FILE\")\nbuildNumber=$(($buildNumber + 1))\n/usr/libexec/PlistBuddy -c \"Set :CFBundleVersion $buildNumber\" \"$SRCROOT/ResStockholmApiKit/Info.plist\"";
		};
		18F9483D1C1C790A008C1B59 /* ShellScript */ = {
			isa = PBXShellScriptBuildPhase;
			buildActionMask = 8;
			files = (
			);
			inputPaths = (
			);
			outputPaths = (
			);
			runOnlyForDeploymentPostprocessing = 1;
			shellPath = /bin/sh;
			shellScript = "VERSIONNUM=$(/usr/libexec/PlistBuddy -c \"Print CFBundleShortVersionString\" \"${PROJECT_DIR}/${INFOPLIST_FILE}\")\nNEWSUBVERSION=`echo $VERSIONNUM | awk -F \".\" '{print $3}'`\nNEWSUBVERSION=$(($NEWSUBVERSION + 1))\nNEWVERSIONSTRING=`echo $VERSIONNUM | awk -F \".\" '{print $1 \".\" $2 \".'$NEWSUBVERSION'\" }'`\n\n/usr/libexec/PlistBuddy -c \"Set :CFBundleShortVersionString $NEWVERSIONSTRING\" \"$SRCROOT/${INFOPLIST_FILE}\"";
		};
/* End PBXShellScriptBuildPhase section */

/* Begin PBXSourcesBuildPhase section */
		1818B2621C404FE0004E3CA3 /* Sources */ = {
			isa = PBXSourcesBuildPhase;
			buildActionMask = 2147483647;
			files = (
				1818B26A1C404FE0004E3CA3 /* TodayViewController.swift in Sources */,
				186235FD1C411C2B0056338E /* TripIcons.swift in Sources */,
			);
			runOnlyForDeploymentPostprocessing = 0;
		};
		18937E2D1BFF33FA00C523C9 /* Sources */ = {
			isa = PBXSourcesBuildPhase;
			buildActionMask = 2147483647;
			files = (
				188367751C170E5500A8BE16 /* TripDetailsDestinationCell.swift in Sources */,
				188B80AE1C178DD900E7D90C /* TripSearchVC.swift in Sources */,
				18937E771BFF5D6B00C523C9 /* RoutineTripsVC.swift in Sources */,
				18AC9CFA1C07AE63007ECFA2 /* TripCell.swift in Sources */,
				18D6521E1C3D9C510067FC60 /* HereToThereCell.swift in Sources */,
				180603641C01FCBE00AC1841 /* SwiftyJSON.swift in Sources */,
				1806037C1C02165000AC1841 /* LocationSearchResponder.swift in Sources */,
				1801A3FE1C39317C0068E1FC /* SubscribeDelegate.swift in Sources */,
				18232CAE1C01F1CA006334D1 /* ManageRoutineTripCell.swift in Sources */,
				18AC9D001C08B5B4007ECFA2 /* TripFooter.swift in Sources */,
				1801A3FC1C392DE60068E1FC /* SubscriptionStore.swift in Sources */,
				18CE5CCB1C031A0800E1F5A9 /* CustomTabVC.swift in Sources */,
				1894A6FE1C354ABD00CDF905 /* SubscribeVC.swift in Sources */,
				18232CA61C01DB81006334D1 /* StyleButton.swift in Sources */,
				1851F2DD1C36D71B0013CD6A /* SubscriptionManager.swift in Sources */,
				18CE5CC91C03140A00E1F5A9 /* StyleHelper.swift in Sources */,
				183D6EBF1C1A354F00EB7537 /* SituationRow.swift in Sources */,
				185BCC921C09389E00A2C6DB /* TripHeader.swift in Sources */,
				18946B1D1C1844E700A5829D /* DateTimePickResponder.swift in Sources */,
				181BD4161C047AA900651D0F /* RoutineTripHeader.swift in Sources */,
				1851F2D71C35F56C0013CD6A /* SubscriptionCell.swift in Sources */,
				1883676B1C170CC100A8BE16 /* TripCellProtocol.swift in Sources */,
				18937E831BFFB56A00C523C9 /* ManageRoutineTripsVC.swift in Sources */,
				181CFD051C396FDE004637F9 /* ReceiptManager.swift in Sources */,
				18946B171C18431500A5829D /* DateTimePickerVC.swift in Sources */,
				183D6EBB1C1A2F2900EB7537 /* TrafficSituationVC.swift in Sources */,
				183D6EBD1C1A352100EB7537 /* SituationHeader.swift in Sources */,
				1869E2991C1E0E36001FE4B2 /* PickLocationResponder.swift in Sources */,
				1885ED001C20BD7A000E803D /* UILabelExtention.swift in Sources */,
				188367711C170E1800A8BE16 /* TripDetailsChangeCell.swift in Sources */,
				1892BA3A1C1F188700BC191A /* TravelTypesVC.swift in Sources */,
				18CB35B21C1E08BA0084CA27 /* LocationPickerRow.swift in Sources */,
				18353DE01C1F70590011CDEA /* AdvancedCriterionsHelper.swift in Sources */,
				1892BA3E1C1F26E100BC191A /* TravelTypesPickerRow.swift in Sources */,
				188367731C170E3B00A8BE16 /* TripDetailsSegmentCell.swift in Sources */,
				185D8DBE1C189D0200300890 /* WatchService.swift in Sources */,
				188367691C16EEA000A8BE16 /* TripDetailsVC.swift in Sources */,
				1883676D1C170D5A00A8BE16 /* TripDetailsHeaderCell.swift in Sources */,
				18232CAC1C01EC2F006334D1 /* SearchLocationVC.swift in Sources */,
				18937E7E1BFF6AB700C523C9 /* RoutineTripCell.swift in Sources */,
				1854E1991C065EB70070C545 /* StandardGradient.swift in Sources */,
				1883676F1C170DE500A8BE16 /* TripDetailsOriginCell.swift in Sources */,
				18232CA41C01D46A006334D1 /* EditRoutineTripVC.swift in Sources */,
				18937E351BFF33FA00C523C9 /* AppDelegate.swift in Sources */,
				1892BA3C1C1F244400BC191A /* TravelTypesResponder.swift in Sources */,
				18AC9CF81C07AD4D007ECFA2 /* TripListVC.swift in Sources */,
				185073751C09CE84005D0D7E /* TripIcons.swift in Sources */,
			);
			runOnlyForDeploymentPostprocessing = 0;
		};
		18937E4E1BFF33FB00C523C9 /* Sources */ = {
			isa = PBXSourcesBuildPhase;
			buildActionMask = 2147483647;
			files = (
				188B856E1C15BFA000098B00 /* OtherRoutinesRow.swift in Sources */,
				18A824741C0EE866006190C4 /* SmartTripIC.swift in Sources */,
				188B85711C15D44200098B00 /* TripsIC.swift in Sources */,
				188B856A1C15B03400098B00 /* DateUtils.swift in Sources */,
				18A824751C0EE866006190C4 /* ExtensionDelegate.swift in Sources */,
				18A824771C0EE866006190C4 /* GlanceController.swift in Sources */,
				18A824781C0EE866006190C4 /* ComplicationController.swift in Sources */,
				188B85731C15E30B00098B00 /* TripRow.swift in Sources */,
			);
			runOnlyForDeploymentPostprocessing = 0;
		};
		18A9E8421C18993B008F97C8 /* Sources */ = {
			isa = PBXSourcesBuildPhase;
			buildActionMask = 2147483647;
			files = (
				18A9E8731C189B97008F97C8 /* SwiftyJSON.swift in Sources */,
				18A9E8611C189998008F97C8 /* MyLocationHelper.swift in Sources */,
				183D6EB81C19DF0800EB7537 /* Situation.swift in Sources */,
				18A9E86F1C1899ED008F97C8 /* TripHelper.swift in Sources */,
				18AAC9341C2EE7BC00022C54 /* LatestLocationsStore.swift in Sources */,
				183D6EB61C19DEF400EB7537 /* SituationGroup.swift in Sources */,
				18A9E8701C1899ED008F97C8 /* TripSeachCriterion.swift in Sources */,
				18AAC9301C2EE3DF00022C54 /* RoutineTripsStore.swift in Sources */,
				18A9E8721C1899F3008F97C8 /* DateUtils.swift in Sources */,
				183D6EB41C19DC2700EB7537 /* SLTrafficSituationServiceApi.swift in Sources */,
				18A9E8711C1899ED008F97C8 /* ScorePost.swift in Sources */,
				18AAC9321C2EE61000022C54 /* ScorePostStore.swift in Sources */,
				18A9E8621C189998008F97C8 /* ScorePostHelper.swift in Sources */,
				18A9E8651C1899E7008F97C8 /* SLSearchLocationApi.swift in Sources */,
				18A9E8681C1899E7008F97C8 /* SLSearchNearbyStationsApi.swift in Sources */,
				18AAC92F1C2EE3DF00022C54 /* SearchCriterionStore.swift in Sources */,
				18A9E86B1C1899ED008F97C8 /* Location.swift in Sources */,
				18A9E8691C1899E7008F97C8 /* SLNetworkError.swift in Sources */,
				18A9E86A1C1899ED008F97C8 /* Trip.swift in Sources */,
				18A9E8671C1899E7008F97C8 /* HttpRequestHelper.swift in Sources */,
				18B2902B1C46D8BC00DCE585 /* StringUtils.swift in Sources */,
				18A9E86C1C1899ED008F97C8 /* RoutineTrip.swift in Sources */,
				183D6EB21C19DBF000EB7537 /* TrafficSituationService.swift in Sources */,
				18A9E85F1C189998008F97C8 /* LocationSearchService.swift in Sources */,
				18A9E8661C1899E7008F97C8 /* SLTravelPlannerV2Api.swift in Sources */,
				18A9E85E1C189998008F97C8 /* RoutineService.swift in Sources */,
				18A9E8601C189998008F97C8 /* SearchTripService.swift in Sources */,
				18A9E86E1C1899ED008F97C8 /* TripSegment.swift in Sources */,
			);
			runOnlyForDeploymentPostprocessing = 0;
		};
/* End PBXSourcesBuildPhase section */

/* Begin PBXTargetDependency section */
		1818B2701C404FE0004E3CA3 /* PBXTargetDependency */ = {
			isa = PBXTargetDependency;
			target = 1818B2651C404FE0004E3CA3 /* Today */;
			targetProxy = 1818B26F1C404FE0004E3CA3 /* PBXContainerItemProxy */;
		};
		1818B2771C405D55004E3CA3 /* PBXTargetDependency */ = {
			isa = PBXTargetDependency;
			target = 18A9E8461C18993B008F97C8 /* ResStockholmApiKit */;
			targetProxy = 1818B2761C405D55004E3CA3 /* PBXContainerItemProxy */;
		};
		18937E461BFF33FB00C523C9 /* PBXTargetDependency */ = {
			isa = PBXTargetDependency;
			target = 18937E421BFF33FB00C523C9 /* Res Smart WatchKit App */;
			targetProxy = 18937E451BFF33FB00C523C9 /* PBXContainerItemProxy */;
		};
		18937E551BFF33FB00C523C9 /* PBXTargetDependency */ = {
			isa = PBXTargetDependency;
			target = 18937E511BFF33FB00C523C9 /* Res Smart WatchKit Extension */;
			targetProxy = 18937E541BFF33FB00C523C9 /* PBXContainerItemProxy */;
		};
		18A9E84D1C18993B008F97C8 /* PBXTargetDependency */ = {
			isa = PBXTargetDependency;
			target = 18A9E8461C18993B008F97C8 /* ResStockholmApiKit */;
			targetProxy = 18A9E84C1C18993B008F97C8 /* PBXContainerItemProxy */;
		};
/* End PBXTargetDependency section */

/* Begin PBXVariantGroup section */
		1818B26B1C404FE0004E3CA3 /* MainInterface.storyboard */ = {
			isa = PBXVariantGroup;
			children = (
				1818B26C1C404FE0004E3CA3 /* Base */,
			);
			name = MainInterface.storyboard;
			sourceTree = "<group>";
		};
		18937E381BFF33FA00C523C9 /* Main.storyboard */ = {
			isa = PBXVariantGroup;
			children = (
				18937E391BFF33FA00C523C9 /* Base */,
			);
			name = Main.storyboard;
			sourceTree = "<group>";
		};
		18937E3D1BFF33FA00C523C9 /* LaunchScreen.storyboard */ = {
			isa = PBXVariantGroup;
			children = (
				18937E3E1BFF33FA00C523C9 /* Base */,
			);
			name = LaunchScreen.storyboard;
			sourceTree = "<group>";
		};
		18937E481BFF33FB00C523C9 /* Interface.storyboard */ = {
			isa = PBXVariantGroup;
			children = (
				18937E491BFF33FB00C523C9 /* Base */,
			);
			name = Interface.storyboard;
			sourceTree = "<group>";
		};
/* End PBXVariantGroup section */

/* Begin XCBuildConfiguration section */
		1818B2731C404FE1004E3CA3 /* Debug */ = {
			isa = XCBuildConfiguration;
			buildSettings = {
				CODE_SIGN_ENTITLEMENTS = Today/Today.entitlements;
				CODE_SIGN_IDENTITY = "iPhone Developer";
				"CODE_SIGN_IDENTITY[sdk=iphoneos*]" = "iPhone Developer";
				INFOPLIST_FILE = Today/Info.plist;
				IPHONEOS_DEPLOYMENT_TARGET = 9.1;
				LD_RUNPATH_SEARCH_PATHS = "$(inherited) @executable_path/Frameworks @executable_path/../../Frameworks";
				PRODUCT_BUNDLE_IDENTIFIER = "mikael-hellman.sl-smart.Today";
				PRODUCT_NAME = "$(TARGET_NAME)";
				PROVISIONING_PROFILE = "";
				SKIP_INSTALL = YES;
			};
			name = Debug;
		};
		1818B2741C404FE1004E3CA3 /* Release */ = {
			isa = XCBuildConfiguration;
			buildSettings = {
				CODE_SIGN_ENTITLEMENTS = Today/Today.entitlements;
				CODE_SIGN_IDENTITY = "iPhone Developer";
				"CODE_SIGN_IDENTITY[sdk=iphoneos*]" = "iPhone Developer";
				INFOPLIST_FILE = Today/Info.plist;
				IPHONEOS_DEPLOYMENT_TARGET = 9.1;
				LD_RUNPATH_SEARCH_PATHS = "$(inherited) @executable_path/Frameworks @executable_path/../../Frameworks";
				PRODUCT_BUNDLE_IDENTIFIER = "mikael-hellman.sl-smart.Today";
				PRODUCT_NAME = "$(TARGET_NAME)";
				PROVISIONING_PROFILE = "";
				SKIP_INSTALL = YES;
			};
			name = Release;
		};
		18937E661BFF33FB00C523C9 /* Debug */ = {
			isa = XCBuildConfiguration;
			buildSettings = {
				ALWAYS_SEARCH_USER_PATHS = NO;
				CLANG_CXX_LANGUAGE_STANDARD = "gnu++0x";
				CLANG_CXX_LIBRARY = "libc++";
				CLANG_ENABLE_MODULES = YES;
				CLANG_ENABLE_OBJC_ARC = YES;
				CLANG_WARN_BOOL_CONVERSION = YES;
				CLANG_WARN_CONSTANT_CONVERSION = YES;
				CLANG_WARN_DIRECT_OBJC_ISA_USAGE = YES_ERROR;
				CLANG_WARN_EMPTY_BODY = YES;
				CLANG_WARN_ENUM_CONVERSION = YES;
				CLANG_WARN_INT_CONVERSION = YES;
				CLANG_WARN_OBJC_ROOT_CLASS = YES_ERROR;
				CLANG_WARN_UNREACHABLE_CODE = YES;
				CLANG_WARN__DUPLICATE_METHOD_MATCH = YES;
				"CODE_SIGN_IDENTITY[sdk=iphoneos*]" = "iPhone Developer";
				COPY_PHASE_STRIP = NO;
				DEBUG_INFORMATION_FORMAT = dwarf;
				ENABLE_STRICT_OBJC_MSGSEND = YES;
				ENABLE_TESTABILITY = YES;
				GCC_C_LANGUAGE_STANDARD = gnu99;
				GCC_DYNAMIC_NO_PIC = NO;
				GCC_NO_COMMON_BLOCKS = YES;
				GCC_OPTIMIZATION_LEVEL = 0;
				GCC_PREPROCESSOR_DEFINITIONS = (
					"DEBUG=1",
					"$(inherited)",
				);
				GCC_WARN_64_TO_32_BIT_CONVERSION = YES;
				GCC_WARN_ABOUT_RETURN_TYPE = YES_ERROR;
				GCC_WARN_UNDECLARED_SELECTOR = YES;
				GCC_WARN_UNINITIALIZED_AUTOS = YES_AGGRESSIVE;
				GCC_WARN_UNUSED_FUNCTION = YES;
				GCC_WARN_UNUSED_VARIABLE = YES;
				IPHONEOS_DEPLOYMENT_TARGET = 9.1;
				MTL_ENABLE_DEBUG_INFO = YES;
				ONLY_ACTIVE_ARCH = YES;
				SDKROOT = iphoneos;
				SWIFT_OPTIMIZATION_LEVEL = "-Onone";
				TARGETED_DEVICE_FAMILY = "1,2";
			};
			name = Debug;
		};
		18937E671BFF33FB00C523C9 /* Release */ = {
			isa = XCBuildConfiguration;
			buildSettings = {
				ALWAYS_SEARCH_USER_PATHS = NO;
				CLANG_CXX_LANGUAGE_STANDARD = "gnu++0x";
				CLANG_CXX_LIBRARY = "libc++";
				CLANG_ENABLE_MODULES = YES;
				CLANG_ENABLE_OBJC_ARC = YES;
				CLANG_WARN_BOOL_CONVERSION = YES;
				CLANG_WARN_CONSTANT_CONVERSION = YES;
				CLANG_WARN_DIRECT_OBJC_ISA_USAGE = YES_ERROR;
				CLANG_WARN_EMPTY_BODY = YES;
				CLANG_WARN_ENUM_CONVERSION = YES;
				CLANG_WARN_INT_CONVERSION = YES;
				CLANG_WARN_OBJC_ROOT_CLASS = YES_ERROR;
				CLANG_WARN_UNREACHABLE_CODE = YES;
				CLANG_WARN__DUPLICATE_METHOD_MATCH = YES;
				"CODE_SIGN_IDENTITY[sdk=iphoneos*]" = "iPhone Developer";
				COPY_PHASE_STRIP = NO;
				DEBUG_INFORMATION_FORMAT = "dwarf-with-dsym";
				ENABLE_NS_ASSERTIONS = NO;
				ENABLE_STRICT_OBJC_MSGSEND = YES;
				GCC_C_LANGUAGE_STANDARD = gnu99;
				GCC_NO_COMMON_BLOCKS = YES;
				GCC_WARN_64_TO_32_BIT_CONVERSION = YES;
				GCC_WARN_ABOUT_RETURN_TYPE = YES_ERROR;
				GCC_WARN_UNDECLARED_SELECTOR = YES;
				GCC_WARN_UNINITIALIZED_AUTOS = YES_AGGRESSIVE;
				GCC_WARN_UNUSED_FUNCTION = YES;
				GCC_WARN_UNUSED_VARIABLE = YES;
				IPHONEOS_DEPLOYMENT_TARGET = 9.1;
				MTL_ENABLE_DEBUG_INFO = NO;
				SDKROOT = iphoneos;
				TARGETED_DEVICE_FAMILY = "1,2";
				VALIDATE_PRODUCT = YES;
			};
			name = Release;
		};
		18937E691BFF33FB00C523C9 /* Debug */ = {
			isa = XCBuildConfiguration;
			buildSettings = {
				ASSETCATALOG_COMPILER_COMPLICATION_NAME = Complication;
				CODE_SIGN_ENTITLEMENTS = "Res Smart/Res Smart.entitlements";
				CODE_SIGN_IDENTITY = "iPhone Developer";
				"CODE_SIGN_IDENTITY[sdk=watchos*]" = "iPhone Developer";
				INFOPLIST_FILE = "$(SRCROOT)/Res Smart WatchKit Extension/Info.plist";
				LD_RUNPATH_SEARCH_PATHS = "$(inherited) @executable_path/Frameworks @executable_path/../../Frameworks";
				PRODUCT_BUNDLE_IDENTIFIER = "mikael-hellman.sl-smart.watchkitapp.watchkitextension";
				PRODUCT_NAME = "Res Smart";
				PROVISIONING_PROFILE = "";
				SDKROOT = watchos;
				SKIP_INSTALL = YES;
				TARGETED_DEVICE_FAMILY = 4;
				WATCHOS_DEPLOYMENT_TARGET = 2.0;
			};
			name = Debug;
		};
		18937E6A1BFF33FB00C523C9 /* Release */ = {
			isa = XCBuildConfiguration;
			buildSettings = {
				ASSETCATALOG_COMPILER_COMPLICATION_NAME = Complication;
				CODE_SIGN_ENTITLEMENTS = "Res Smart/Res Smart.entitlements";
				CODE_SIGN_IDENTITY = "iPhone Developer";
				"CODE_SIGN_IDENTITY[sdk=watchos*]" = "iPhone Developer";
				INFOPLIST_FILE = "$(SRCROOT)/Res Smart WatchKit Extension/Info.plist";
				LD_RUNPATH_SEARCH_PATHS = "$(inherited) @executable_path/Frameworks @executable_path/../../Frameworks";
				PRODUCT_BUNDLE_IDENTIFIER = "mikael-hellman.sl-smart.watchkitapp.watchkitextension";
				PRODUCT_NAME = "Res Smart";
				PROVISIONING_PROFILE = "";
				SDKROOT = watchos;
				SKIP_INSTALL = YES;
				TARGETED_DEVICE_FAMILY = 4;
				WATCHOS_DEPLOYMENT_TARGET = 2.0;
			};
			name = Release;
		};
		18937E6D1BFF33FB00C523C9 /* Debug */ = {
			isa = XCBuildConfiguration;
			buildSettings = {
				ASSETCATALOG_COMPILER_APPICON_NAME = AppIcon;
				CODE_SIGN_ENTITLEMENTS = "Res Smart/Res Smart.entitlements";
				CODE_SIGN_IDENTITY = "iPhone Developer";
				"CODE_SIGN_IDENTITY[sdk=watchos*]" = "iPhone Developer";
				EMBEDDED_CONTENT_CONTAINS_SWIFT = YES;
				IBSC_MODULE = SL_Smart_WatchKit_Extension;
				INFOPLIST_FILE = "$(SRCROOT)/Res Smart WatchKit App/Info.plist";
				PRODUCT_BUNDLE_IDENTIFIER = "mikael-hellman.sl-smart.watchkitapp";
				PRODUCT_NAME = "Res Smart";
				PROVISIONING_PROFILE = "";
				SDKROOT = watchos;
				SKIP_INSTALL = YES;
				TARGETED_DEVICE_FAMILY = 4;
				WATCHOS_DEPLOYMENT_TARGET = 2.0;
			};
			name = Debug;
		};
		18937E6E1BFF33FB00C523C9 /* Release */ = {
			isa = XCBuildConfiguration;
			buildSettings = {
				ASSETCATALOG_COMPILER_APPICON_NAME = AppIcon;
				CODE_SIGN_ENTITLEMENTS = "Res Smart/Res Smart.entitlements";
				CODE_SIGN_IDENTITY = "iPhone Developer";
				"CODE_SIGN_IDENTITY[sdk=watchos*]" = "iPhone Developer";
				EMBEDDED_CONTENT_CONTAINS_SWIFT = YES;
				IBSC_MODULE = SL_Smart_WatchKit_Extension;
				INFOPLIST_FILE = "$(SRCROOT)/Res Smart WatchKit App/Info.plist";
				PRODUCT_BUNDLE_IDENTIFIER = "mikael-hellman.sl-smart.watchkitapp";
				PRODUCT_NAME = "Res Smart";
				PROVISIONING_PROFILE = "";
				SDKROOT = watchos;
				SKIP_INSTALL = YES;
				TARGETED_DEVICE_FAMILY = 4;
				WATCHOS_DEPLOYMENT_TARGET = 2.0;
			};
			name = Release;
		};
		18937E711BFF33FB00C523C9 /* Debug */ = {
			isa = XCBuildConfiguration;
			buildSettings = {
				ASSETCATALOG_COMPILER_APPICON_NAME = AppIcon;
				CODE_SIGN_ENTITLEMENTS = "Res Smart/Res Smart.entitlements";
				CODE_SIGN_IDENTITY = "iPhone Developer";
				"CODE_SIGN_IDENTITY[sdk=iphoneos*]" = "iPhone Developer";
				EMBEDDED_CONTENT_CONTAINS_SWIFT = YES;
				INFOPLIST_FILE = "$(SRCROOT)/Res Smart/Info.plist";
				IPHONEOS_DEPLOYMENT_TARGET = 9.1;
				LD_RUNPATH_SEARCH_PATHS = "$(inherited) @executable_path/Frameworks";
				PRODUCT_BUNDLE_IDENTIFIER = "mikael-hellman.sl-smart";
				PRODUCT_NAME = "Res Smart";
				PROVISIONING_PROFILE = "";
				TARGETED_DEVICE_FAMILY = 1;
			};
			name = Debug;
		};
		18937E721BFF33FB00C523C9 /* Release */ = {
			isa = XCBuildConfiguration;
			buildSettings = {
				ASSETCATALOG_COMPILER_APPICON_NAME = AppIcon;
				CODE_SIGN_ENTITLEMENTS = "Res Smart/Res Smart.entitlements";
				CODE_SIGN_IDENTITY = "iPhone Developer";
				"CODE_SIGN_IDENTITY[sdk=iphoneos*]" = "iPhone Developer";
				EMBEDDED_CONTENT_CONTAINS_SWIFT = YES;
				INFOPLIST_FILE = "$(SRCROOT)/Res Smart/Info.plist";
				IPHONEOS_DEPLOYMENT_TARGET = 9.1;
				LD_RUNPATH_SEARCH_PATHS = "$(inherited) @executable_path/Frameworks";
				PRODUCT_BUNDLE_IDENTIFIER = "mikael-hellman.sl-smart";
				PRODUCT_NAME = "Res Smart";
				PROVISIONING_PROFILE = "";
				TARGETED_DEVICE_FAMILY = 1;
			};
			name = Release;
		};
		18A9E8501C18993C008F97C8 /* Debug */ = {
			isa = XCBuildConfiguration;
			buildSettings = {
				APPLICATION_EXTENSION_API_ONLY = YES;
				CODE_SIGN_IDENTITY = "iPhone Developer";
				"CODE_SIGN_IDENTITY[sdk=iphoneos*]" = "iPhone Developer";
				CURRENT_PROJECT_VERSION = 1;
				DEFINES_MODULE = YES;
				DYLIB_COMPATIBILITY_VERSION = 1;
				DYLIB_CURRENT_VERSION = 1;
				DYLIB_INSTALL_NAME_BASE = "@rpath";
				INFOPLIST_FILE = ResStockholmApiKit/Info.plist;
				INSTALL_PATH = "$(LOCAL_LIBRARY_DIR)/Frameworks";
				LD_RUNPATH_SEARCH_PATHS = "$(inherited) @executable_path/Frameworks @loader_path/Frameworks";
				PRODUCT_BUNDLE_IDENTIFIER = "com.mikael-hellman.ResStockholmApiKit";
				PRODUCT_NAME = "$(TARGET_NAME)";
				SKIP_INSTALL = YES;
				VERSIONING_SYSTEM = "apple-generic";
				VERSION_INFO_PREFIX = "";
			};
			name = Debug;
		};
		18A9E8511C18993C008F97C8 /* Release */ = {
			isa = XCBuildConfiguration;
			buildSettings = {
				APPLICATION_EXTENSION_API_ONLY = YES;
				CODE_SIGN_IDENTITY = "iPhone Developer";
				"CODE_SIGN_IDENTITY[sdk=iphoneos*]" = "iPhone Developer";
				CURRENT_PROJECT_VERSION = 1;
				DEFINES_MODULE = YES;
				DYLIB_COMPATIBILITY_VERSION = 1;
				DYLIB_CURRENT_VERSION = 1;
				DYLIB_INSTALL_NAME_BASE = "@rpath";
				INFOPLIST_FILE = ResStockholmApiKit/Info.plist;
				INSTALL_PATH = "$(LOCAL_LIBRARY_DIR)/Frameworks";
				LD_RUNPATH_SEARCH_PATHS = "$(inherited) @executable_path/Frameworks @loader_path/Frameworks";
				PRODUCT_BUNDLE_IDENTIFIER = "com.mikael-hellman.ResStockholmApiKit";
				PRODUCT_NAME = "$(TARGET_NAME)";
				SKIP_INSTALL = YES;
				VERSIONING_SYSTEM = "apple-generic";
				VERSION_INFO_PREFIX = "";
			};
			name = Release;
		};
/* End XCBuildConfiguration section */

/* Begin XCConfigurationList section */
		1818B2721C404FE1004E3CA3 /* Build configuration list for PBXNativeTarget "Today" */ = {
			isa = XCConfigurationList;
			buildConfigurations = (
				1818B2731C404FE1004E3CA3 /* Debug */,
				1818B2741C404FE1004E3CA3 /* Release */,
			);
			defaultConfigurationIsVisible = 0;
			defaultConfigurationName = Release;
		};
		18937E2C1BFF33FA00C523C9 /* Build configuration list for PBXProject "Res Smart" */ = {
			isa = XCConfigurationList;
			buildConfigurations = (
				18937E661BFF33FB00C523C9 /* Debug */,
				18937E671BFF33FB00C523C9 /* Release */,
			);
			defaultConfigurationIsVisible = 0;
			defaultConfigurationName = Release;
		};
		18937E681BFF33FB00C523C9 /* Build configuration list for PBXNativeTarget "Res Smart WatchKit Extension" */ = {
			isa = XCConfigurationList;
			buildConfigurations = (
				18937E691BFF33FB00C523C9 /* Debug */,
				18937E6A1BFF33FB00C523C9 /* Release */,
			);
			defaultConfigurationIsVisible = 0;
			defaultConfigurationName = Release;
		};
		18937E6C1BFF33FB00C523C9 /* Build configuration list for PBXNativeTarget "Res Smart WatchKit App" */ = {
			isa = XCConfigurationList;
			buildConfigurations = (
				18937E6D1BFF33FB00C523C9 /* Debug */,
				18937E6E1BFF33FB00C523C9 /* Release */,
			);
			defaultConfigurationIsVisible = 0;
			defaultConfigurationName = Release;
		};
		18937E701BFF33FB00C523C9 /* Build configuration list for PBXNativeTarget "Res Smart" */ = {
			isa = XCConfigurationList;
			buildConfigurations = (
				18937E711BFF33FB00C523C9 /* Debug */,
				18937E721BFF33FB00C523C9 /* Release */,
			);
			defaultConfigurationIsVisible = 0;
			defaultConfigurationName = Release;
		};
		18A9E8561C18993C008F97C8 /* Build configuration list for PBXNativeTarget "ResStockholmApiKit" */ = {
			isa = XCConfigurationList;
			buildConfigurations = (
				18A9E8501C18993C008F97C8 /* Debug */,
				18A9E8511C18993C008F97C8 /* Release */,
			);
			defaultConfigurationIsVisible = 0;
			defaultConfigurationName = Release;
		};
/* End XCConfigurationList section */
	};
	rootObject = 18937E291BFF33FA00C523C9 /* Project object */;
}
